
Microsoft Visual Studio Solution File, Format Version 12.00
# Visual Studio 15
VisualStudioVersion = 15.0.27703.2026
MinimumVisualStudioVersion = 10.0.40219.1
Project("{9A19103F-16F7-4668-BE54-9A1E7A4F7556}") = "XF.Material", "XF.Material\XF.Material\XF.Material.csproj", "{B0C6B498-6EC2-4E2B-812B-A04A30827E7F}"
EndProject
Project("{2150E333-8FDC-42A3-9474-1A3956D46DE8}") = "SRC", "SRC", "{C999E428-44AD-4488-A752-302AB38F62DE}"
EndProject
Project("{2150E333-8FDC-42A3-9474-1A3956D46DE8}") = "Sample", "Sample", "{D90B12CC-ACBA-43EC-B0CF-40EDF04E6958}"
EndProject
Project("{FAE04EC0-301F-11D3-BF4B-00C04F79EFBC}") = "XF.MaterialSample.Android", "XF.MaterialSample\XF.MaterialSample.Android\XF.MaterialSample.Android.csproj", "{70D1429B-1167-4391-A0F4-13930924F4D0}"
EndProject
Project("{FAE04EC0-301F-11D3-BF4B-00C04F79EFBC}") = "XF.MaterialSample.iOS", "XF.MaterialSample\XF.MaterialSample.iOS\XF.MaterialSample.iOS.csproj", "{2285D6F0-28B6-47F9-9D87-EA830AC9AAB7}"
EndProject
Project("{9A19103F-16F7-4668-BE54-9A1E7A4F7556}") = "XF.MaterialSample", "XF.MaterialSample\XF.MaterialSample\XF.MaterialSample.csproj", "{7C06A126-6180-40AC-A7F9-D6D40433ECD0}"
EndProject
Project("{FAE04EC0-301F-11D3-BF4B-00C04F79EFBC}") = "XF.Material.Droid", "XF.Material\XF.Material.Droid\XF.Material.Droid.csproj", "{F085C3E8-BB5E-48FA-A8DC-CC9E69BB041D}"
EndProject
Project("{2150E333-8FDC-42A3-9474-1A3956D46DE8}") = "Solution Items", "Solution Items", "{5419A661-3FAA-4768-9C11-0531BDFAA3E8}"
	ProjectSection(SolutionItems) = preProject
		LICENSE.md = LICENSE.md
		README.md = README.md
		XF.Material.nuspec = XF.Material.nuspec
	EndProjectSection
EndProject
Project("{FAE04EC0-301F-11D3-BF4B-00C04F79EFBC}") = "XF.Material.iOS", "XF.Material\XF.Material.iOS\XF.Material.iOS.csproj", "{E71F3053-056C-4381-9638-048ED73BDFF6}"
EndProject
Global
	GlobalSection(SolutionConfigurationPlatforms) = preSolution
		Ad-Hoc|Any CPU = Ad-Hoc|Any CPU
		Ad-Hoc|iPhone = Ad-Hoc|iPhone
		Ad-Hoc|iPhoneSimulator = Ad-Hoc|iPhoneSimulator
		AppStore|Any CPU = AppStore|Any CPU
		AppStore|iPhone = AppStore|iPhone
		AppStore|iPhoneSimulator = AppStore|iPhoneSimulator
		Debug|Any CPU = Debug|Any CPU
		Debug|iPhone = Debug|iPhone
		Debug|iPhoneSimulator = Debug|iPhoneSimulator
		Release|Any CPU = Release|Any CPU
		Release|iPhone = Release|iPhone
		Release|iPhoneSimulator = Release|iPhoneSimulator
	EndGlobalSection
	GlobalSection(ProjectConfigurationPlatforms) = postSolution
		{B0C6B498-6EC2-4E2B-812B-A04A30827E7F}.Ad-Hoc|Any CPU.ActiveCfg = Debug|Any CPU
		{B0C6B498-6EC2-4E2B-812B-A04A30827E7F}.Ad-Hoc|Any CPU.Build.0 = Debug|Any CPU
		{B0C6B498-6EC2-4E2B-812B-A04A30827E7F}.Ad-Hoc|Any CPU.Deploy.0 = Debug|Any CPU
		{B0C6B498-6EC2-4E2B-812B-A04A30827E7F}.Ad-Hoc|iPhone.ActiveCfg = Debug|Any CPU
		{B0C6B498-6EC2-4E2B-812B-A04A30827E7F}.Ad-Hoc|iPhone.Build.0 = Debug|Any CPU
		{B0C6B498-6EC2-4E2B-812B-A04A30827E7F}.Ad-Hoc|iPhone.Deploy.0 = Debug|Any CPU
		{B0C6B498-6EC2-4E2B-812B-A04A30827E7F}.Ad-Hoc|iPhoneSimulator.ActiveCfg = Debug|Any CPU
		{B0C6B498-6EC2-4E2B-812B-A04A30827E7F}.Ad-Hoc|iPhoneSimulator.Build.0 = Debug|Any CPU
		{B0C6B498-6EC2-4E2B-812B-A04A30827E7F}.Ad-Hoc|iPhoneSimulator.Deploy.0 = Debug|Any CPU
		{B0C6B498-6EC2-4E2B-812B-A04A30827E7F}.AppStore|Any CPU.ActiveCfg = Debug|Any CPU
		{B0C6B498-6EC2-4E2B-812B-A04A30827E7F}.AppStore|Any CPU.Build.0 = Debug|Any CPU
		{B0C6B498-6EC2-4E2B-812B-A04A30827E7F}.AppStore|Any CPU.Deploy.0 = Debug|Any CPU
		{B0C6B498-6EC2-4E2B-812B-A04A30827E7F}.AppStore|iPhone.ActiveCfg = Debug|Any CPU
		{B0C6B498-6EC2-4E2B-812B-A04A30827E7F}.AppStore|iPhone.Build.0 = Debug|Any CPU
		{B0C6B498-6EC2-4E2B-812B-A04A30827E7F}.AppStore|iPhone.Deploy.0 = Debug|Any CPU
		{B0C6B498-6EC2-4E2B-812B-A04A30827E7F}.AppStore|iPhoneSimulator.ActiveCfg = Debug|Any CPU
		{B0C6B498-6EC2-4E2B-812B-A04A30827E7F}.AppStore|iPhoneSimulator.Build.0 = Debug|Any CPU
		{B0C6B498-6EC2-4E2B-812B-A04A30827E7F}.AppStore|iPhoneSimulator.Deploy.0 = Debug|Any CPU
		{B0C6B498-6EC2-4E2B-812B-A04A30827E7F}.Debug|Any CPU.ActiveCfg = Debug|Any CPU
		{B0C6B498-6EC2-4E2B-812B-A04A30827E7F}.Debug|Any CPU.Build.0 = Debug|Any CPU
		{B0C6B498-6EC2-4E2B-812B-A04A30827E7F}.Debug|Any CPU.Deploy.0 = Debug|Any CPU
		{B0C6B498-6EC2-4E2B-812B-A04A30827E7F}.Debug|iPhone.ActiveCfg = Debug|Any CPU
		{B0C6B498-6EC2-4E2B-812B-A04A30827E7F}.Debug|iPhone.Build.0 = Debug|Any CPU
		{B0C6B498-6EC2-4E2B-812B-A04A30827E7F}.Debug|iPhone.Deploy.0 = Debug|Any CPU
		{B0C6B498-6EC2-4E2B-812B-A04A30827E7F}.Debug|iPhoneSimulator.ActiveCfg = Debug|Any CPU
		{B0C6B498-6EC2-4E2B-812B-A04A30827E7F}.Debug|iPhoneSimulator.Build.0 = Debug|Any CPU
		{B0C6B498-6EC2-4E2B-812B-A04A30827E7F}.Debug|iPhoneSimulator.Deploy.0 = Debug|Any CPU
		{B0C6B498-6EC2-4E2B-812B-A04A30827E7F}.Release|Any CPU.ActiveCfg = Release|Any CPU
		{B0C6B498-6EC2-4E2B-812B-A04A30827E7F}.Release|Any CPU.Build.0 = Release|Any CPU
		{B0C6B498-6EC2-4E2B-812B-A04A30827E7F}.Release|Any CPU.Deploy.0 = Release|Any CPU
		{B0C6B498-6EC2-4E2B-812B-A04A30827E7F}.Release|iPhone.ActiveCfg = Release|Any CPU
		{B0C6B498-6EC2-4E2B-812B-A04A30827E7F}.Release|iPhone.Build.0 = Release|Any CPU
		{B0C6B498-6EC2-4E2B-812B-A04A30827E7F}.Release|iPhone.Deploy.0 = Release|Any CPU
		{B0C6B498-6EC2-4E2B-812B-A04A30827E7F}.Release|iPhoneSimulator.ActiveCfg = Release|Any CPU
		{B0C6B498-6EC2-4E2B-812B-A04A30827E7F}.Release|iPhoneSimulator.Build.0 = Release|Any CPU
		{B0C6B498-6EC2-4E2B-812B-A04A30827E7F}.Release|iPhoneSimulator.Deploy.0 = Release|Any CPU
		{70D1429B-1167-4391-A0F4-13930924F4D0}.Ad-Hoc|Any CPU.ActiveCfg = Release|Any CPU
		{70D1429B-1167-4391-A0F4-13930924F4D0}.Ad-Hoc|Any CPU.Build.0 = Release|Any CPU
		{70D1429B-1167-4391-A0F4-13930924F4D0}.Ad-Hoc|Any CPU.Deploy.0 = Release|Any CPU
		{70D1429B-1167-4391-A0F4-13930924F4D0}.Ad-Hoc|iPhone.ActiveCfg = Release|Any CPU
		{70D1429B-1167-4391-A0F4-13930924F4D0}.Ad-Hoc|iPhone.Build.0 = Release|Any CPU
		{70D1429B-1167-4391-A0F4-13930924F4D0}.Ad-Hoc|iPhone.Deploy.0 = Release|Any CPU
		{70D1429B-1167-4391-A0F4-13930924F4D0}.Ad-Hoc|iPhoneSimulator.ActiveCfg = Release|Any CPU
		{70D1429B-1167-4391-A0F4-13930924F4D0}.Ad-Hoc|iPhoneSimulator.Build.0 = Release|Any CPU
		{70D1429B-1167-4391-A0F4-13930924F4D0}.Ad-Hoc|iPhoneSimulator.Deploy.0 = Release|Any CPU
		{70D1429B-1167-4391-A0F4-13930924F4D0}.AppStore|Any CPU.ActiveCfg = Release|Any CPU
		{70D1429B-1167-4391-A0F4-13930924F4D0}.AppStore|Any CPU.Build.0 = Release|Any CPU
		{70D1429B-1167-4391-A0F4-13930924F4D0}.AppStore|Any CPU.Deploy.0 = Release|Any CPU
		{70D1429B-1167-4391-A0F4-13930924F4D0}.AppStore|iPhone.ActiveCfg = Release|Any CPU
		{70D1429B-1167-4391-A0F4-13930924F4D0}.AppStore|iPhone.Build.0 = Release|Any CPU
		{70D1429B-1167-4391-A0F4-13930924F4D0}.AppStore|iPhone.Deploy.0 = Release|Any CPU
		{70D1429B-1167-4391-A0F4-13930924F4D0}.AppStore|iPhoneSimulator.ActiveCfg = Release|Any CPU
		{70D1429B-1167-4391-A0F4-13930924F4D0}.AppStore|iPhoneSimulator.Build.0 = Release|Any CPU
		{70D1429B-1167-4391-A0F4-13930924F4D0}.AppStore|iPhoneSimulator.Deploy.0 = Release|Any CPU
		{70D1429B-1167-4391-A0F4-13930924F4D0}.Debug|Any CPU.ActiveCfg = Debug|Any CPU
		{70D1429B-1167-4391-A0F4-13930924F4D0}.Debug|Any CPU.Build.0 = Debug|Any CPU
		{70D1429B-1167-4391-A0F4-13930924F4D0}.Debug|Any CPU.Deploy.0 = Debug|Any CPU
		{70D1429B-1167-4391-A0F4-13930924F4D0}.Debug|iPhone.ActiveCfg = Debug|Any CPU
		{70D1429B-1167-4391-A0F4-13930924F4D0}.Debug|iPhone.Build.0 = Debug|Any CPU
		{70D1429B-1167-4391-A0F4-13930924F4D0}.Debug|iPhone.Deploy.0 = Debug|Any CPU
		{70D1429B-1167-4391-A0F4-13930924F4D0}.Debug|iPhoneSimulator.ActiveCfg = Debug|Any CPU
		{70D1429B-1167-4391-A0F4-13930924F4D0}.Debug|iPhoneSimulator.Build.0 = Debug|Any CPU
		{70D1429B-1167-4391-A0F4-13930924F4D0}.Debug|iPhoneSimulator.Deploy.0 = Debug|Any CPU
		{70D1429B-1167-4391-A0F4-13930924F4D0}.Release|Any CPU.ActiveCfg = Release|Any CPU
		{70D1429B-1167-4391-A0F4-13930924F4D0}.Release|Any CPU.Build.0 = Release|Any CPU
		{70D1429B-1167-4391-A0F4-13930924F4D0}.Release|Any CPU.Deploy.0 = Release|Any CPU
		{70D1429B-1167-4391-A0F4-13930924F4D0}.Release|iPhone.ActiveCfg = Release|Any CPU
		{70D1429B-1167-4391-A0F4-13930924F4D0}.Release|iPhone.Build.0 = Release|Any CPU
		{70D1429B-1167-4391-A0F4-13930924F4D0}.Release|iPhone.Deploy.0 = Release|Any CPU
		{70D1429B-1167-4391-A0F4-13930924F4D0}.Release|iPhoneSimulator.ActiveCfg = Release|Any CPU
		{70D1429B-1167-4391-A0F4-13930924F4D0}.Release|iPhoneSimulator.Build.0 = Release|Any CPU
		{70D1429B-1167-4391-A0F4-13930924F4D0}.Release|iPhoneSimulator.Deploy.0 = Release|Any CPU
		{2285D6F0-28B6-47F9-9D87-EA830AC9AAB7}.Ad-Hoc|Any CPU.ActiveCfg = Ad-Hoc|iPhone
		{2285D6F0-28B6-47F9-9D87-EA830AC9AAB7}.Ad-Hoc|iPhone.ActiveCfg = Ad-Hoc|iPhone
		{2285D6F0-28B6-47F9-9D87-EA830AC9AAB7}.Ad-Hoc|iPhone.Build.0 = Ad-Hoc|iPhone
		{2285D6F0-28B6-47F9-9D87-EA830AC9AAB7}.Ad-Hoc|iPhoneSimulator.ActiveCfg = Ad-Hoc|iPhoneSimulator
		{2285D6F0-28B6-47F9-9D87-EA830AC9AAB7}.Ad-Hoc|iPhoneSimulator.Build.0 = Ad-Hoc|iPhoneSimulator
		{2285D6F0-28B6-47F9-9D87-EA830AC9AAB7}.AppStore|Any CPU.ActiveCfg = AppStore|iPhone
		{2285D6F0-28B6-47F9-9D87-EA830AC9AAB7}.AppStore|iPhone.ActiveCfg = AppStore|iPhone
		{2285D6F0-28B6-47F9-9D87-EA830AC9AAB7}.AppStore|iPhone.Build.0 = AppStore|iPhone
		{2285D6F0-28B6-47F9-9D87-EA830AC9AAB7}.AppStore|iPhoneSimulator.ActiveCfg = AppStore|iPhoneSimulator
		{2285D6F0-28B6-47F9-9D87-EA830AC9AAB7}.AppStore|iPhoneSimulator.Build.0 = AppStore|iPhoneSimulator
		{2285D6F0-28B6-47F9-9D87-EA830AC9AAB7}.Debug|Any CPU.ActiveCfg = Debug|iPhone
		{2285D6F0-28B6-47F9-9D87-EA830AC9AAB7}.Debug|iPhone.ActiveCfg = Debug|iPhone
		{2285D6F0-28B6-47F9-9D87-EA830AC9AAB7}.Debug|iPhone.Build.0 = Debug|iPhone
		{2285D6F0-28B6-47F9-9D87-EA830AC9AAB7}.Debug|iPhoneSimulator.ActiveCfg = Debug|iPhoneSimulator
		{2285D6F0-28B6-47F9-9D87-EA830AC9AAB7}.Debug|iPhoneSimulator.Build.0 = Debug|iPhoneSimulator
		{2285D6F0-28B6-47F9-9D87-EA830AC9AAB7}.Release|Any CPU.ActiveCfg = Release|iPhone
		{2285D6F0-28B6-47F9-9D87-EA830AC9AAB7}.Release|iPhone.ActiveCfg = Release|iPhone
		{2285D6F0-28B6-47F9-9D87-EA830AC9AAB7}.Release|iPhone.Build.0 = Release|iPhone
		{2285D6F0-28B6-47F9-9D87-EA830AC9AAB7}.Release|iPhoneSimulator.ActiveCfg = Release|iPhoneSimulator
		{2285D6F0-28B6-47F9-9D87-EA830AC9AAB7}.Release|iPhoneSimulator.Build.0 = Release|iPhoneSimulator
		{7C06A126-6180-40AC-A7F9-D6D40433ECD0}.Ad-Hoc|Any CPU.ActiveCfg = Debug|Any CPU
		{7C06A126-6180-40AC-A7F9-D6D40433ECD0}.Ad-Hoc|Any CPU.Build.0 = Debug|Any CPU
		{7C06A126-6180-40AC-A7F9-D6D40433ECD0}.Ad-Hoc|iPhone.ActiveCfg = Debug|Any CPU
		{7C06A126-6180-40AC-A7F9-D6D40433ECD0}.Ad-Hoc|iPhone.Build.0 = Debug|Any CPU
		{7C06A126-6180-40AC-A7F9-D6D40433ECD0}.Ad-Hoc|iPhoneSimulator.ActiveCfg = Debug|Any CPU
		{7C06A126-6180-40AC-A7F9-D6D40433ECD0}.Ad-Hoc|iPhoneSimulator.Build.0 = Debug|Any CPU
		{7C06A126-6180-40AC-A7F9-D6D40433ECD0}.AppStore|Any CPU.ActiveCfg = Debug|Any CPU
		{7C06A126-6180-40AC-A7F9-D6D40433ECD0}.AppStore|Any CPU.Build.0 = Debug|Any CPU
		{7C06A126-6180-40AC-A7F9-D6D40433ECD0}.AppStore|iPhone.ActiveCfg = Debug|Any CPU
		{7C06A126-6180-40AC-A7F9-D6D40433ECD0}.AppStore|iPhone.Build.0 = Debug|Any CPU
		{7C06A126-6180-40AC-A7F9-D6D40433ECD0}.AppStore|iPhoneSimulator.ActiveCfg = Debug|Any CPU
		{7C06A126-6180-40AC-A7F9-D6D40433ECD0}.AppStore|iPhoneSimulator.Build.0 = Debug|Any CPU
		{7C06A126-6180-40AC-A7F9-D6D40433ECD0}.Debug|Any CPU.ActiveCfg = Debug|Any CPU
		{7C06A126-6180-40AC-A7F9-D6D40433ECD0}.Debug|Any CPU.Build.0 = Debug|Any CPU
		{7C06A126-6180-40AC-A7F9-D6D40433ECD0}.Debug|iPhone.ActiveCfg = Debug|Any CPU
		{7C06A126-6180-40AC-A7F9-D6D40433ECD0}.Debug|iPhone.Build.0 = Debug|Any CPU
		{7C06A126-6180-40AC-A7F9-D6D40433ECD0}.Debug|iPhoneSimulator.ActiveCfg = Debug|Any CPU
		{7C06A126-6180-40AC-A7F9-D6D40433ECD0}.Debug|iPhoneSimulator.Build.0 = Debug|Any CPU
		{7C06A126-6180-40AC-A7F9-D6D40433ECD0}.Release|Any CPU.ActiveCfg = Release|Any CPU
		{7C06A126-6180-40AC-A7F9-D6D40433ECD0}.Release|Any CPU.Build.0 = Release|Any CPU
		{7C06A126-6180-40AC-A7F9-D6D40433ECD0}.Release|iPhone.ActiveCfg = Release|Any CPU
		{7C06A126-6180-40AC-A7F9-D6D40433ECD0}.Release|iPhone.Build.0 = Release|Any CPU
		{7C06A126-6180-40AC-A7F9-D6D40433ECD0}.Release|iPhoneSimulator.ActiveCfg = Release|Any CPU
		{7C06A126-6180-40AC-A7F9-D6D40433ECD0}.Release|iPhoneSimulator.Build.0 = Release|Any CPU
		{F085C3E8-BB5E-48FA-A8DC-CC9E69BB041D}.Ad-Hoc|Any CPU.ActiveCfg = Release|Any CPU
		{F085C3E8-BB5E-48FA-A8DC-CC9E69BB041D}.Ad-Hoc|Any CPU.Build.0 = Release|Any CPU
		{F085C3E8-BB5E-48FA-A8DC-CC9E69BB041D}.Ad-Hoc|iPhone.ActiveCfg = Release|Any CPU
		{F085C3E8-BB5E-48FA-A8DC-CC9E69BB041D}.Ad-Hoc|iPhone.Build.0 = Release|Any CPU
		{F085C3E8-BB5E-48FA-A8DC-CC9E69BB041D}.Ad-Hoc|iPhoneSimulator.ActiveCfg = Release|Any CPU
		{F085C3E8-BB5E-48FA-A8DC-CC9E69BB041D}.Ad-Hoc|iPhoneSimulator.Build.0 = Release|Any CPU
		{F085C3E8-BB5E-48FA-A8DC-CC9E69BB041D}.AppStore|Any CPU.ActiveCfg = Release|Any CPU
		{F085C3E8-BB5E-48FA-A8DC-CC9E69BB041D}.AppStore|Any CPU.Build.0 = Release|Any CPU
		{F085C3E8-BB5E-48FA-A8DC-CC9E69BB041D}.AppStore|iPhone.ActiveCfg = Release|Any CPU
		{F085C3E8-BB5E-48FA-A8DC-CC9E69BB041D}.AppStore|iPhone.Build.0 = Release|Any CPU
		{F085C3E8-BB5E-48FA-A8DC-CC9E69BB041D}.AppStore|iPhoneSimulator.ActiveCfg = Release|Any CPU
		{F085C3E8-BB5E-48FA-A8DC-CC9E69BB041D}.AppStore|iPhoneSimulator.Build.0 = Release|Any CPU
		{F085C3E8-BB5E-48FA-A8DC-CC9E69BB041D}.Debug|Any CPU.ActiveCfg = Debug|Any CPU
		{F085C3E8-BB5E-48FA-A8DC-CC9E69BB041D}.Debug|Any CPU.Build.0 = Debug|Any CPU
		{F085C3E8-BB5E-48FA-A8DC-CC9E69BB041D}.Debug|iPhone.ActiveCfg = Debug|Any CPU
		{F085C3E8-BB5E-48FA-A8DC-CC9E69BB041D}.Debug|iPhone.Build.0 = Debug|Any CPU
		{F085C3E8-BB5E-48FA-A8DC-CC9E69BB041D}.Debug|iPhoneSimulator.ActiveCfg = Debug|Any CPU
		{F085C3E8-BB5E-48FA-A8DC-CC9E69BB041D}.Debug|iPhoneSimulator.Build.0 = Debug|Any CPU
		{F085C3E8-BB5E-48FA-A8DC-CC9E69BB041D}.Release|Any CPU.ActiveCfg = Release|Any CPU
		{F085C3E8-BB5E-48FA-A8DC-CC9E69BB041D}.Release|Any CPU.Build.0 = Release|Any CPU
		{F085C3E8-BB5E-48FA-A8DC-CC9E69BB041D}.Release|iPhone.ActiveCfg = Release|Any CPU
		{F085C3E8-BB5E-48FA-A8DC-CC9E69BB041D}.Release|iPhone.Build.0 = Release|Any CPU
		{F085C3E8-BB5E-48FA-A8DC-CC9E69BB041D}.Release|iPhoneSimulator.ActiveCfg = Release|Any CPU
		{F085C3E8-BB5E-48FA-A8DC-CC9E69BB041D}.Release|iPhoneSimulator.Build.0 = Release|Any CPU
		{E71F3053-056C-4381-9638-048ED73BDFF6}.Ad-Hoc|Any CPU.ActiveCfg = Release|Any CPU
		{E71F3053-056C-4381-9638-048ED73BDFF6}.Ad-Hoc|Any CPU.Build.0 = Release|Any CPU
		{E71F3053-056C-4381-9638-048ED73BDFF6}.Ad-Hoc|iPhone.ActiveCfg = Release|Any CPU
		{E71F3053-056C-4381-9638-048ED73BDFF6}.Ad-Hoc|iPhone.Build.0 = Release|Any CPU
		{E71F3053-056C-4381-9638-048ED73BDFF6}.Ad-Hoc|iPhoneSimulator.ActiveCfg = Release|Any CPU
		{E71F3053-056C-4381-9638-048ED73BDFF6}.Ad-Hoc|iPhoneSimulator.Build.0 = Release|Any CPU
		{E71F3053-056C-4381-9638-048ED73BDFF6}.AppStore|Any CPU.ActiveCfg = Release|Any CPU
		{E71F3053-056C-4381-9638-048ED73BDFF6}.AppStore|Any CPU.Build.0 = Release|Any CPU
		{E71F3053-056C-4381-9638-048ED73BDFF6}.AppStore|iPhone.ActiveCfg = Release|Any CPU
		{E71F3053-056C-4381-9638-048ED73BDFF6}.AppStore|iPhone.Build.0 = Release|Any CPU
		{E71F3053-056C-4381-9638-048ED73BDFF6}.AppStore|iPhoneSimulator.ActiveCfg = Release|Any CPU
		{E71F3053-056C-4381-9638-048ED73BDFF6}.AppStore|iPhoneSimulator.Build.0 = Release|Any CPU
		{E71F3053-056C-4381-9638-048ED73BDFF6}.Debug|Any CPU.ActiveCfg = Debug|Any CPU
		{E71F3053-056C-4381-9638-048ED73BDFF6}.Debug|Any CPU.Build.0 = Debug|Any CPU
		{E71F3053-056C-4381-9638-048ED73BDFF6}.Debug|iPhone.ActiveCfg = Debug|Any CPU
		{E71F3053-056C-4381-9638-048ED73BDFF6}.Debug|iPhone.Build.0 = Debug|Any CPU
		{E71F3053-056C-4381-9638-048ED73BDFF6}.Debug|iPhoneSimulator.ActiveCfg = Debug|Any CPU
		{E71F3053-056C-4381-9638-048ED73BDFF6}.Debug|iPhoneSimulator.Build.0 = Debug|Any CPU
		{E71F3053-056C-4381-9638-048ED73BDFF6}.Release|Any CPU.ActiveCfg = Release|Any CPU
		{E71F3053-056C-4381-9638-048ED73BDFF6}.Release|Any CPU.Build.0 = Release|Any CPU
		{E71F3053-056C-4381-9638-048ED73BDFF6}.Release|iPhone.ActiveCfg = Release|Any CPU
		{E71F3053-056C-4381-9638-048ED73BDFF6}.Release|iPhone.Build.0 = Release|Any CPU
		{E71F3053-056C-4381-9638-048ED73BDFF6}.Release|iPhoneSimulator.ActiveCfg = Release|Any CPU
		{E71F3053-056C-4381-9638-048ED73BDFF6}.Release|iPhoneSimulator.Build.0 = Release|Any CPU
	EndGlobalSection
	GlobalSection(SolutionProperties) = preSolution
		HideSolutionNode = FALSE
	EndGlobalSection
	GlobalSection(NestedProjects) = preSolution
		{B0C6B498-6EC2-4E2B-812B-A04A30827E7F} = {C999E428-44AD-4488-A752-302AB38F62DE}
		{70D1429B-1167-4391-A0F4-13930924F4D0} = {D90B12CC-ACBA-43EC-B0CF-40EDF04E6958}
		{2285D6F0-28B6-47F9-9D87-EA830AC9AAB7} = {D90B12CC-ACBA-43EC-B0CF-40EDF04E6958}
		{7C06A126-6180-40AC-A7F9-D6D40433ECD0} = {D90B12CC-ACBA-43EC-B0CF-40EDF04E6958}
		{F085C3E8-BB5E-48FA-A8DC-CC9E69BB041D} = {C999E428-44AD-4488-A752-302AB38F62DE}
		{E71F3053-056C-4381-9638-048ED73BDFF6} = {C999E428-44AD-4488-A752-302AB38F62DE}
	EndGlobalSection
	GlobalSection(ExtensibilityGlobals) = postSolution
		SolutionGuid = {A328A45A-5DAB-4AAC-AF17-429599ECCB1A}
	EndGlobalSection
EndGlobal
