
Microsoft Visual Studio Solution File, Format Version 12.00
# Visual Studio 15
VisualStudioVersion = 15.0.27703.2026
MinimumVisualStudioVersion = 10.0.40219.1
Project("{2150E333-8FDC-42A3-9474-1A3956D46DE8}") = "SRC", "SRC", "{C999E428-44AD-4488-A752-302AB38F62DE}"
EndProject
Project("{FAE04EC0-301F-11D3-BF4B-00C04F79EFBC}") = "XF.Material.Droid", "XF.Material\XF.Material.Droid\XF.Material.Droid.csproj", "{F085C3E8-BB5E-48FA-A8DC-CC9E69BB041D}"
EndProject
Project("{2150E333-8FDC-42A3-9474-1A3956D46DE8}") = "Project Files", "Project Files", "{5419A661-3FAA-4768-9C11-0531BDFAA3E8}"
	ProjectSection(SolutionItems) = preProject
		.gitignore = .gitignore
		LICENSE.md = LICENSE.md
		README.md = README.md
		RELEASE_NOTES.md = RELEASE_NOTES.md
		XF.Material-Azure.nuspec = XF.Material-Azure.nuspec
		XF.Material.nuspec = XF.Material.nuspec
	EndProjectSection
EndProject
Project("{FAE04EC0-301F-11D3-BF4B-00C04F79EFBC}") = "XF.Material.iOS", "XF.Material\XF.Material.iOS\XF.Material.iOS.csproj", "{E71F3053-056C-4381-9638-048ED73BDFF6}"
EndProject
Project("{2150E333-8FDC-42A3-9474-1A3956D46DE8}") = "Platforms", "Platforms", "{8B758685-4066-4258-AF77-7015FFC452A0}"
EndProject
Project("{2150E333-8FDC-42A3-9474-1A3956D46DE8}") = "Forms", "Forms", "{62DFD71B-A6C5-4C19-B1C5-110AAC69E06A}"
EndProject
Project("{9A19103F-16F7-4668-BE54-9A1E7A4F7556}") = "XF.Material.Forms", "XF.Material\XF.Material.Forms\XF.Material.Forms.csproj", "{CAF232F8-446A-41B1-B837-006FF5DE9A60}"
EndProject
Project("{2150E333-8FDC-42A3-9474-1A3956D46DE8}") = "Sample", "Sample", "{FA745DA9-B810-4DFE-8AC1-D767FEFDBC21}"
EndProject
Project("{FAE04EC0-301F-11D3-BF4B-00C04F79EFBC}") = "MaterialMvvmSample.Android", "MaterialMvvmSample\MaterialMvvmSample.Android\MaterialMvvmSample.Android.csproj", "{E05550C8-072A-4E3D-8D2B-B2D4B9C47C13}"
EndProject
Project("{FAE04EC0-301F-11D3-BF4B-00C04F79EFBC}") = "MaterialMvvmSample.iOS", "MaterialMvvmSample\MaterialMvvmSample.iOS\MaterialMvvmSample.iOS.csproj", "{8DFEFB5E-6594-4FFA-B7C2-D3AEBB98DD70}"
EndProject
Project("{9A19103F-16F7-4668-BE54-9A1E7A4F7556}") = "MaterialMvvmSample", "MaterialMvvmSample\MaterialMvvmSample\MaterialMvvmSample.csproj", "{BA3F5DF0-18B8-43EC-9EB7-A4C6B23DE7BB}"
EndProject
Project("{9A19103F-16F7-4668-BE54-9A1E7A4F7556}") = "MaterialMvvmSample.Core", "MaterialMvvmSample\MaterialMvvmSample.Core\MaterialMvvmSample.Core.csproj", "{AB963F27-7D97-4580-BF30-E36E62FC13B4}"
EndProject
Project("{FAE04EC0-301F-11D3-BF4B-00C04F79EFBC}") = "XF.Material.UWP", "XF.Material.UWP\XF.Material.UWP.csproj", "{E37FBE58-A854-4B1D-9B61-79353C7FB83F}"
EndProject
Global
	GlobalSection(SolutionConfigurationPlatforms) = preSolution
		Ad-Hoc|Any CPU = Ad-Hoc|Any CPU
		Ad-Hoc|ARM = Ad-Hoc|ARM
		Ad-Hoc|ARM64 = Ad-Hoc|ARM64
		Ad-Hoc|iPhone = Ad-Hoc|iPhone
		Ad-Hoc|iPhoneSimulator = Ad-Hoc|iPhoneSimulator
		Ad-Hoc|x64 = Ad-Hoc|x64
		Ad-Hoc|x86 = Ad-Hoc|x86
		AppStore|Any CPU = AppStore|Any CPU
		AppStore|ARM = AppStore|ARM
		AppStore|ARM64 = AppStore|ARM64
		AppStore|iPhone = AppStore|iPhone
		AppStore|iPhoneSimulator = AppStore|iPhoneSimulator
		AppStore|x64 = AppStore|x64
		AppStore|x86 = AppStore|x86
		Debug|Any CPU = Debug|Any CPU
		Debug|ARM = Debug|ARM
		Debug|ARM64 = Debug|ARM64
		Debug|iPhone = Debug|iPhone
		Debug|iPhoneSimulator = Debug|iPhoneSimulator
		Debug|x64 = Debug|x64
		Debug|x86 = Debug|x86
		Release|Any CPU = Release|Any CPU
		Release|ARM = Release|ARM
		Release|ARM64 = Release|ARM64
		Release|iPhone = Release|iPhone
		Release|iPhoneSimulator = Release|iPhoneSimulator
		Release|x64 = Release|x64
		Release|x86 = Release|x86
	EndGlobalSection
	GlobalSection(ProjectConfigurationPlatforms) = postSolution
		{F085C3E8-BB5E-48FA-A8DC-CC9E69BB041D}.Ad-Hoc|Any CPU.ActiveCfg = Release|Any CPU
		{F085C3E8-BB5E-48FA-A8DC-CC9E69BB041D}.Ad-Hoc|Any CPU.Build.0 = Release|Any CPU
		{F085C3E8-BB5E-48FA-A8DC-CC9E69BB041D}.Ad-Hoc|ARM.ActiveCfg = iOS Release|Any CPU
		{F085C3E8-BB5E-48FA-A8DC-CC9E69BB041D}.Ad-Hoc|ARM.Build.0 = iOS Release|Any CPU
		{F085C3E8-BB5E-48FA-A8DC-CC9E69BB041D}.Ad-Hoc|ARM64.ActiveCfg = iOS Release|Any CPU
		{F085C3E8-BB5E-48FA-A8DC-CC9E69BB041D}.Ad-Hoc|ARM64.Build.0 = iOS Release|Any CPU
		{F085C3E8-BB5E-48FA-A8DC-CC9E69BB041D}.Ad-Hoc|iPhone.ActiveCfg = Release|Any CPU
		{F085C3E8-BB5E-48FA-A8DC-CC9E69BB041D}.Ad-Hoc|iPhone.Build.0 = Release|Any CPU
		{F085C3E8-BB5E-48FA-A8DC-CC9E69BB041D}.Ad-Hoc|iPhoneSimulator.ActiveCfg = Release|Any CPU
		{F085C3E8-BB5E-48FA-A8DC-CC9E69BB041D}.Ad-Hoc|iPhoneSimulator.Build.0 = Release|Any CPU
		{F085C3E8-BB5E-48FA-A8DC-CC9E69BB041D}.Ad-Hoc|x64.ActiveCfg = iOS Release|Any CPU
		{F085C3E8-BB5E-48FA-A8DC-CC9E69BB041D}.Ad-Hoc|x64.Build.0 = iOS Release|Any CPU
		{F085C3E8-BB5E-48FA-A8DC-CC9E69BB041D}.Ad-Hoc|x86.ActiveCfg = iOS Release|Any CPU
		{F085C3E8-BB5E-48FA-A8DC-CC9E69BB041D}.Ad-Hoc|x86.Build.0 = iOS Release|Any CPU
		{F085C3E8-BB5E-48FA-A8DC-CC9E69BB041D}.AppStore|Any CPU.ActiveCfg = Release|Any CPU
		{F085C3E8-BB5E-48FA-A8DC-CC9E69BB041D}.AppStore|Any CPU.Build.0 = Release|Any CPU
		{F085C3E8-BB5E-48FA-A8DC-CC9E69BB041D}.AppStore|ARM.ActiveCfg = iOS Release|Any CPU
		{F085C3E8-BB5E-48FA-A8DC-CC9E69BB041D}.AppStore|ARM.Build.0 = iOS Release|Any CPU
		{F085C3E8-BB5E-48FA-A8DC-CC9E69BB041D}.AppStore|ARM64.ActiveCfg = iOS Release|Any CPU
		{F085C3E8-BB5E-48FA-A8DC-CC9E69BB041D}.AppStore|ARM64.Build.0 = iOS Release|Any CPU
		{F085C3E8-BB5E-48FA-A8DC-CC9E69BB041D}.AppStore|iPhone.ActiveCfg = Release|Any CPU
		{F085C3E8-BB5E-48FA-A8DC-CC9E69BB041D}.AppStore|iPhone.Build.0 = Release|Any CPU
		{F085C3E8-BB5E-48FA-A8DC-CC9E69BB041D}.AppStore|iPhoneSimulator.ActiveCfg = Release|Any CPU
		{F085C3E8-BB5E-48FA-A8DC-CC9E69BB041D}.AppStore|iPhoneSimulator.Build.0 = Release|Any CPU
		{F085C3E8-BB5E-48FA-A8DC-CC9E69BB041D}.AppStore|x64.ActiveCfg = iOS Release|Any CPU
		{F085C3E8-BB5E-48FA-A8DC-CC9E69BB041D}.AppStore|x64.Build.0 = iOS Release|Any CPU
		{F085C3E8-BB5E-48FA-A8DC-CC9E69BB041D}.AppStore|x86.ActiveCfg = iOS Release|Any CPU
		{F085C3E8-BB5E-48FA-A8DC-CC9E69BB041D}.AppStore|x86.Build.0 = iOS Release|Any CPU
		{F085C3E8-BB5E-48FA-A8DC-CC9E69BB041D}.Debug|Any CPU.ActiveCfg = Debug|Any CPU
		{F085C3E8-BB5E-48FA-A8DC-CC9E69BB041D}.Debug|Any CPU.Build.0 = Debug|Any CPU
		{F085C3E8-BB5E-48FA-A8DC-CC9E69BB041D}.Debug|ARM.ActiveCfg = Debug|Any CPU
		{F085C3E8-BB5E-48FA-A8DC-CC9E69BB041D}.Debug|ARM.Build.0 = Debug|Any CPU
		{F085C3E8-BB5E-48FA-A8DC-CC9E69BB041D}.Debug|ARM64.ActiveCfg = Debug|Any CPU
		{F085C3E8-BB5E-48FA-A8DC-CC9E69BB041D}.Debug|ARM64.Build.0 = Debug|Any CPU
		{F085C3E8-BB5E-48FA-A8DC-CC9E69BB041D}.Debug|iPhone.ActiveCfg = Debug|Any CPU
		{F085C3E8-BB5E-48FA-A8DC-CC9E69BB041D}.Debug|iPhone.Build.0 = Debug|Any CPU
		{F085C3E8-BB5E-48FA-A8DC-CC9E69BB041D}.Debug|iPhoneSimulator.ActiveCfg = Debug|Any CPU
		{F085C3E8-BB5E-48FA-A8DC-CC9E69BB041D}.Debug|iPhoneSimulator.Build.0 = Debug|Any CPU
		{F085C3E8-BB5E-48FA-A8DC-CC9E69BB041D}.Debug|x64.ActiveCfg = Debug|Any CPU
		{F085C3E8-BB5E-48FA-A8DC-CC9E69BB041D}.Debug|x64.Build.0 = Debug|Any CPU
		{F085C3E8-BB5E-48FA-A8DC-CC9E69BB041D}.Debug|x86.ActiveCfg = Debug|Any CPU
		{F085C3E8-BB5E-48FA-A8DC-CC9E69BB041D}.Debug|x86.Build.0 = Debug|Any CPU
		{F085C3E8-BB5E-48FA-A8DC-CC9E69BB041D}.Release|Any CPU.ActiveCfg = Release|Any CPU
		{F085C3E8-BB5E-48FA-A8DC-CC9E69BB041D}.Release|Any CPU.Build.0 = Release|Any CPU
		{F085C3E8-BB5E-48FA-A8DC-CC9E69BB041D}.Release|ARM.ActiveCfg = Release|Any CPU
		{F085C3E8-BB5E-48FA-A8DC-CC9E69BB041D}.Release|ARM.Build.0 = Release|Any CPU
		{F085C3E8-BB5E-48FA-A8DC-CC9E69BB041D}.Release|ARM64.ActiveCfg = Release|Any CPU
		{F085C3E8-BB5E-48FA-A8DC-CC9E69BB041D}.Release|ARM64.Build.0 = Release|Any CPU
		{F085C3E8-BB5E-48FA-A8DC-CC9E69BB041D}.Release|iPhone.ActiveCfg = Release|Any CPU
		{F085C3E8-BB5E-48FA-A8DC-CC9E69BB041D}.Release|iPhone.Build.0 = Release|Any CPU
		{F085C3E8-BB5E-48FA-A8DC-CC9E69BB041D}.Release|iPhoneSimulator.ActiveCfg = Release|Any CPU
		{F085C3E8-BB5E-48FA-A8DC-CC9E69BB041D}.Release|iPhoneSimulator.Build.0 = Release|Any CPU
		{F085C3E8-BB5E-48FA-A8DC-CC9E69BB041D}.Release|x64.ActiveCfg = Release|Any CPU
		{F085C3E8-BB5E-48FA-A8DC-CC9E69BB041D}.Release|x64.Build.0 = Release|Any CPU
		{F085C3E8-BB5E-48FA-A8DC-CC9E69BB041D}.Release|x86.ActiveCfg = Release|Any CPU
		{F085C3E8-BB5E-48FA-A8DC-CC9E69BB041D}.Release|x86.Build.0 = Release|Any CPU
		{E71F3053-056C-4381-9638-048ED73BDFF6}.Ad-Hoc|Any CPU.ActiveCfg = Release|Any CPU
		{E71F3053-056C-4381-9638-048ED73BDFF6}.Ad-Hoc|Any CPU.Build.0 = Release|Any CPU
		{E71F3053-056C-4381-9638-048ED73BDFF6}.Ad-Hoc|ARM.ActiveCfg = iOS Release|Any CPU
		{E71F3053-056C-4381-9638-048ED73BDFF6}.Ad-Hoc|ARM.Build.0 = iOS Release|Any CPU
		{E71F3053-056C-4381-9638-048ED73BDFF6}.Ad-Hoc|ARM64.ActiveCfg = iOS Release|Any CPU
		{E71F3053-056C-4381-9638-048ED73BDFF6}.Ad-Hoc|ARM64.Build.0 = iOS Release|Any CPU
		{E71F3053-056C-4381-9638-048ED73BDFF6}.Ad-Hoc|iPhone.ActiveCfg = Release|Any CPU
		{E71F3053-056C-4381-9638-048ED73BDFF6}.Ad-Hoc|iPhone.Build.0 = Release|Any CPU
		{E71F3053-056C-4381-9638-048ED73BDFF6}.Ad-Hoc|iPhoneSimulator.ActiveCfg = Release|Any CPU
		{E71F3053-056C-4381-9638-048ED73BDFF6}.Ad-Hoc|iPhoneSimulator.Build.0 = Release|Any CPU
		{E71F3053-056C-4381-9638-048ED73BDFF6}.Ad-Hoc|x64.ActiveCfg = iOS Release|Any CPU
		{E71F3053-056C-4381-9638-048ED73BDFF6}.Ad-Hoc|x64.Build.0 = iOS Release|Any CPU
		{E71F3053-056C-4381-9638-048ED73BDFF6}.Ad-Hoc|x86.ActiveCfg = iOS Release|Any CPU
		{E71F3053-056C-4381-9638-048ED73BDFF6}.Ad-Hoc|x86.Build.0 = iOS Release|Any CPU
		{E71F3053-056C-4381-9638-048ED73BDFF6}.AppStore|Any CPU.ActiveCfg = Release|Any CPU
		{E71F3053-056C-4381-9638-048ED73BDFF6}.AppStore|Any CPU.Build.0 = Release|Any CPU
		{E71F3053-056C-4381-9638-048ED73BDFF6}.AppStore|ARM.ActiveCfg = iOS Release|Any CPU
		{E71F3053-056C-4381-9638-048ED73BDFF6}.AppStore|ARM.Build.0 = iOS Release|Any CPU
		{E71F3053-056C-4381-9638-048ED73BDFF6}.AppStore|ARM64.ActiveCfg = iOS Release|Any CPU
		{E71F3053-056C-4381-9638-048ED73BDFF6}.AppStore|ARM64.Build.0 = iOS Release|Any CPU
		{E71F3053-056C-4381-9638-048ED73BDFF6}.AppStore|iPhone.ActiveCfg = Release|Any CPU
		{E71F3053-056C-4381-9638-048ED73BDFF6}.AppStore|iPhone.Build.0 = Release|Any CPU
		{E71F3053-056C-4381-9638-048ED73BDFF6}.AppStore|iPhoneSimulator.ActiveCfg = Release|Any CPU
		{E71F3053-056C-4381-9638-048ED73BDFF6}.AppStore|iPhoneSimulator.Build.0 = Release|Any CPU
		{E71F3053-056C-4381-9638-048ED73BDFF6}.AppStore|x64.ActiveCfg = iOS Release|Any CPU
		{E71F3053-056C-4381-9638-048ED73BDFF6}.AppStore|x64.Build.0 = iOS Release|Any CPU
		{E71F3053-056C-4381-9638-048ED73BDFF6}.AppStore|x86.ActiveCfg = iOS Release|Any CPU
		{E71F3053-056C-4381-9638-048ED73BDFF6}.AppStore|x86.Build.0 = iOS Release|Any CPU
		{E71F3053-056C-4381-9638-048ED73BDFF6}.Debug|Any CPU.ActiveCfg = Debug|Any CPU
		{E71F3053-056C-4381-9638-048ED73BDFF6}.Debug|Any CPU.Build.0 = Debug|Any CPU
		{E71F3053-056C-4381-9638-048ED73BDFF6}.Debug|ARM.ActiveCfg = Debug|Any CPU
		{E71F3053-056C-4381-9638-048ED73BDFF6}.Debug|ARM.Build.0 = Debug|Any CPU
		{E71F3053-056C-4381-9638-048ED73BDFF6}.Debug|ARM64.ActiveCfg = Debug|Any CPU
		{E71F3053-056C-4381-9638-048ED73BDFF6}.Debug|ARM64.Build.0 = Debug|Any CPU
		{E71F3053-056C-4381-9638-048ED73BDFF6}.Debug|iPhone.ActiveCfg = Debug|Any CPU
		{E71F3053-056C-4381-9638-048ED73BDFF6}.Debug|iPhone.Build.0 = Debug|Any CPU
		{E71F3053-056C-4381-9638-048ED73BDFF6}.Debug|iPhoneSimulator.ActiveCfg = Debug|Any CPU
		{E71F3053-056C-4381-9638-048ED73BDFF6}.Debug|iPhoneSimulator.Build.0 = Debug|Any CPU
		{E71F3053-056C-4381-9638-048ED73BDFF6}.Debug|x64.ActiveCfg = Debug|Any CPU
		{E71F3053-056C-4381-9638-048ED73BDFF6}.Debug|x64.Build.0 = Debug|Any CPU
		{E71F3053-056C-4381-9638-048ED73BDFF6}.Debug|x86.ActiveCfg = Debug|Any CPU
		{E71F3053-056C-4381-9638-048ED73BDFF6}.Debug|x86.Build.0 = Debug|Any CPU
		{E71F3053-056C-4381-9638-048ED73BDFF6}.Release|Any CPU.ActiveCfg = Release|Any CPU
		{E71F3053-056C-4381-9638-048ED73BDFF6}.Release|Any CPU.Build.0 = Release|Any CPU
		{E71F3053-056C-4381-9638-048ED73BDFF6}.Release|ARM.ActiveCfg = Release|Any CPU
		{E71F3053-056C-4381-9638-048ED73BDFF6}.Release|ARM.Build.0 = Release|Any CPU
		{E71F3053-056C-4381-9638-048ED73BDFF6}.Release|ARM64.ActiveCfg = Release|Any CPU
		{E71F3053-056C-4381-9638-048ED73BDFF6}.Release|ARM64.Build.0 = Release|Any CPU
		{E71F3053-056C-4381-9638-048ED73BDFF6}.Release|iPhone.ActiveCfg = Release|Any CPU
		{E71F3053-056C-4381-9638-048ED73BDFF6}.Release|iPhone.Build.0 = Release|Any CPU
		{E71F3053-056C-4381-9638-048ED73BDFF6}.Release|iPhoneSimulator.ActiveCfg = Release|Any CPU
		{E71F3053-056C-4381-9638-048ED73BDFF6}.Release|iPhoneSimulator.Build.0 = Release|Any CPU
		{E71F3053-056C-4381-9638-048ED73BDFF6}.Release|x64.ActiveCfg = Release|Any CPU
		{E71F3053-056C-4381-9638-048ED73BDFF6}.Release|x64.Build.0 = Release|Any CPU
		{E71F3053-056C-4381-9638-048ED73BDFF6}.Release|x86.ActiveCfg = Release|Any CPU
		{E71F3053-056C-4381-9638-048ED73BDFF6}.Release|x86.Build.0 = Release|Any CPU
		{CAF232F8-446A-41B1-B837-006FF5DE9A60}.Ad-Hoc|Any CPU.ActiveCfg = Debug|Any CPU
		{CAF232F8-446A-41B1-B837-006FF5DE9A60}.Ad-Hoc|Any CPU.Build.0 = Debug|Any CPU
		{CAF232F8-446A-41B1-B837-006FF5DE9A60}.Ad-Hoc|ARM.ActiveCfg = iOS Release|Any CPU
		{CAF232F8-446A-41B1-B837-006FF5DE9A60}.Ad-Hoc|ARM.Build.0 = iOS Release|Any CPU
		{CAF232F8-446A-41B1-B837-006FF5DE9A60}.Ad-Hoc|ARM64.ActiveCfg = iOS Release|Any CPU
		{CAF232F8-446A-41B1-B837-006FF5DE9A60}.Ad-Hoc|ARM64.Build.0 = iOS Release|Any CPU
		{CAF232F8-446A-41B1-B837-006FF5DE9A60}.Ad-Hoc|iPhone.ActiveCfg = Debug|Any CPU
		{CAF232F8-446A-41B1-B837-006FF5DE9A60}.Ad-Hoc|iPhone.Build.0 = Debug|Any CPU
		{CAF232F8-446A-41B1-B837-006FF5DE9A60}.Ad-Hoc|iPhoneSimulator.ActiveCfg = Debug|Any CPU
		{CAF232F8-446A-41B1-B837-006FF5DE9A60}.Ad-Hoc|iPhoneSimulator.Build.0 = Debug|Any CPU
		{CAF232F8-446A-41B1-B837-006FF5DE9A60}.Ad-Hoc|x64.ActiveCfg = iOS Release|Any CPU
		{CAF232F8-446A-41B1-B837-006FF5DE9A60}.Ad-Hoc|x64.Build.0 = iOS Release|Any CPU
		{CAF232F8-446A-41B1-B837-006FF5DE9A60}.Ad-Hoc|x86.ActiveCfg = iOS Release|Any CPU
		{CAF232F8-446A-41B1-B837-006FF5DE9A60}.Ad-Hoc|x86.Build.0 = iOS Release|Any CPU
		{CAF232F8-446A-41B1-B837-006FF5DE9A60}.AppStore|Any CPU.ActiveCfg = Debug|Any CPU
		{CAF232F8-446A-41B1-B837-006FF5DE9A60}.AppStore|Any CPU.Build.0 = Debug|Any CPU
		{CAF232F8-446A-41B1-B837-006FF5DE9A60}.AppStore|ARM.ActiveCfg = iOS Release|Any CPU
		{CAF232F8-446A-41B1-B837-006FF5DE9A60}.AppStore|ARM.Build.0 = iOS Release|Any CPU
		{CAF232F8-446A-41B1-B837-006FF5DE9A60}.AppStore|ARM64.ActiveCfg = iOS Release|Any CPU
		{CAF232F8-446A-41B1-B837-006FF5DE9A60}.AppStore|ARM64.Build.0 = iOS Release|Any CPU
		{CAF232F8-446A-41B1-B837-006FF5DE9A60}.AppStore|iPhone.ActiveCfg = Debug|Any CPU
		{CAF232F8-446A-41B1-B837-006FF5DE9A60}.AppStore|iPhone.Build.0 = Debug|Any CPU
		{CAF232F8-446A-41B1-B837-006FF5DE9A60}.AppStore|iPhoneSimulator.ActiveCfg = Debug|Any CPU
		{CAF232F8-446A-41B1-B837-006FF5DE9A60}.AppStore|iPhoneSimulator.Build.0 = Debug|Any CPU
		{CAF232F8-446A-41B1-B837-006FF5DE9A60}.AppStore|x64.ActiveCfg = iOS Release|Any CPU
		{CAF232F8-446A-41B1-B837-006FF5DE9A60}.AppStore|x64.Build.0 = iOS Release|Any CPU
		{CAF232F8-446A-41B1-B837-006FF5DE9A60}.AppStore|x86.ActiveCfg = iOS Release|Any CPU
		{CAF232F8-446A-41B1-B837-006FF5DE9A60}.AppStore|x86.Build.0 = iOS Release|Any CPU
		{CAF232F8-446A-41B1-B837-006FF5DE9A60}.Debug|Any CPU.ActiveCfg = Debug|Any CPU
		{CAF232F8-446A-41B1-B837-006FF5DE9A60}.Debug|Any CPU.Build.0 = Debug|Any CPU
		{CAF232F8-446A-41B1-B837-006FF5DE9A60}.Debug|ARM.ActiveCfg = Debug|Any CPU
		{CAF232F8-446A-41B1-B837-006FF5DE9A60}.Debug|ARM.Build.0 = Debug|Any CPU
		{CAF232F8-446A-41B1-B837-006FF5DE9A60}.Debug|ARM64.ActiveCfg = Debug|Any CPU
		{CAF232F8-446A-41B1-B837-006FF5DE9A60}.Debug|ARM64.Build.0 = Debug|Any CPU
		{CAF232F8-446A-41B1-B837-006FF5DE9A60}.Debug|iPhone.ActiveCfg = Debug|Any CPU
		{CAF232F8-446A-41B1-B837-006FF5DE9A60}.Debug|iPhone.Build.0 = Debug|Any CPU
		{CAF232F8-446A-41B1-B837-006FF5DE9A60}.Debug|iPhoneSimulator.ActiveCfg = Debug|Any CPU
		{CAF232F8-446A-41B1-B837-006FF5DE9A60}.Debug|iPhoneSimulator.Build.0 = Debug|Any CPU
		{CAF232F8-446A-41B1-B837-006FF5DE9A60}.Debug|x64.ActiveCfg = Debug|Any CPU
		{CAF232F8-446A-41B1-B837-006FF5DE9A60}.Debug|x64.Build.0 = Debug|Any CPU
		{CAF232F8-446A-41B1-B837-006FF5DE9A60}.Debug|x86.ActiveCfg = Debug|Any CPU
		{CAF232F8-446A-41B1-B837-006FF5DE9A60}.Debug|x86.Build.0 = Debug|Any CPU
		{CAF232F8-446A-41B1-B837-006FF5DE9A60}.Release|Any CPU.ActiveCfg = Release|Any CPU
		{CAF232F8-446A-41B1-B837-006FF5DE9A60}.Release|Any CPU.Build.0 = Release|Any CPU
		{CAF232F8-446A-41B1-B837-006FF5DE9A60}.Release|ARM.ActiveCfg = Release|Any CPU
		{CAF232F8-446A-41B1-B837-006FF5DE9A60}.Release|ARM.Build.0 = Release|Any CPU
		{CAF232F8-446A-41B1-B837-006FF5DE9A60}.Release|ARM64.ActiveCfg = Release|Any CPU
		{CAF232F8-446A-41B1-B837-006FF5DE9A60}.Release|ARM64.Build.0 = Release|Any CPU
		{CAF232F8-446A-41B1-B837-006FF5DE9A60}.Release|iPhone.ActiveCfg = Release|Any CPU
		{CAF232F8-446A-41B1-B837-006FF5DE9A60}.Release|iPhone.Build.0 = Release|Any CPU
		{CAF232F8-446A-41B1-B837-006FF5DE9A60}.Release|iPhoneSimulator.ActiveCfg = Release|Any CPU
		{CAF232F8-446A-41B1-B837-006FF5DE9A60}.Release|iPhoneSimulator.Build.0 = Release|Any CPU
		{CAF232F8-446A-41B1-B837-006FF5DE9A60}.Release|x64.ActiveCfg = Release|Any CPU
		{CAF232F8-446A-41B1-B837-006FF5DE9A60}.Release|x64.Build.0 = Release|Any CPU
		{CAF232F8-446A-41B1-B837-006FF5DE9A60}.Release|x86.ActiveCfg = Release|Any CPU
		{CAF232F8-446A-41B1-B837-006FF5DE9A60}.Release|x86.Build.0 = Release|Any CPU
		{E05550C8-072A-4E3D-8D2B-B2D4B9C47C13}.Ad-Hoc|Any CPU.ActiveCfg = Release|Any CPU
		{E05550C8-072A-4E3D-8D2B-B2D4B9C47C13}.Ad-Hoc|Any CPU.Build.0 = Release|Any CPU
		{E05550C8-072A-4E3D-8D2B-B2D4B9C47C13}.Ad-Hoc|Any CPU.Deploy.0 = Release|Any CPU
		{E05550C8-072A-4E3D-8D2B-B2D4B9C47C13}.Ad-Hoc|ARM.ActiveCfg = Debug|Any CPU
		{E05550C8-072A-4E3D-8D2B-B2D4B9C47C13}.Ad-Hoc|ARM.Build.0 = Debug|Any CPU
		{E05550C8-072A-4E3D-8D2B-B2D4B9C47C13}.Ad-Hoc|ARM.Deploy.0 = Debug|Any CPU
		{E05550C8-072A-4E3D-8D2B-B2D4B9C47C13}.Ad-Hoc|ARM64.ActiveCfg = Debug|Any CPU
		{E05550C8-072A-4E3D-8D2B-B2D4B9C47C13}.Ad-Hoc|ARM64.Build.0 = Debug|Any CPU
		{E05550C8-072A-4E3D-8D2B-B2D4B9C47C13}.Ad-Hoc|ARM64.Deploy.0 = Debug|Any CPU
		{E05550C8-072A-4E3D-8D2B-B2D4B9C47C13}.Ad-Hoc|iPhone.ActiveCfg = Release|Any CPU
		{E05550C8-072A-4E3D-8D2B-B2D4B9C47C13}.Ad-Hoc|iPhone.Build.0 = Release|Any CPU
		{E05550C8-072A-4E3D-8D2B-B2D4B9C47C13}.Ad-Hoc|iPhone.Deploy.0 = Release|Any CPU
		{E05550C8-072A-4E3D-8D2B-B2D4B9C47C13}.Ad-Hoc|iPhoneSimulator.ActiveCfg = Release|Any CPU
		{E05550C8-072A-4E3D-8D2B-B2D4B9C47C13}.Ad-Hoc|iPhoneSimulator.Build.0 = Release|Any CPU
		{E05550C8-072A-4E3D-8D2B-B2D4B9C47C13}.Ad-Hoc|iPhoneSimulator.Deploy.0 = Release|Any CPU
		{E05550C8-072A-4E3D-8D2B-B2D4B9C47C13}.Ad-Hoc|x64.ActiveCfg = Debug|Any CPU
		{E05550C8-072A-4E3D-8D2B-B2D4B9C47C13}.Ad-Hoc|x64.Build.0 = Debug|Any CPU
		{E05550C8-072A-4E3D-8D2B-B2D4B9C47C13}.Ad-Hoc|x64.Deploy.0 = Debug|Any CPU
		{E05550C8-072A-4E3D-8D2B-B2D4B9C47C13}.Ad-Hoc|x86.ActiveCfg = Debug|Any CPU
		{E05550C8-072A-4E3D-8D2B-B2D4B9C47C13}.Ad-Hoc|x86.Build.0 = Debug|Any CPU
		{E05550C8-072A-4E3D-8D2B-B2D4B9C47C13}.Ad-Hoc|x86.Deploy.0 = Debug|Any CPU
		{E05550C8-072A-4E3D-8D2B-B2D4B9C47C13}.AppStore|Any CPU.ActiveCfg = Release|Any CPU
		{E05550C8-072A-4E3D-8D2B-B2D4B9C47C13}.AppStore|Any CPU.Build.0 = Release|Any CPU
		{E05550C8-072A-4E3D-8D2B-B2D4B9C47C13}.AppStore|Any CPU.Deploy.0 = Release|Any CPU
		{E05550C8-072A-4E3D-8D2B-B2D4B9C47C13}.AppStore|ARM.ActiveCfg = Debug|Any CPU
		{E05550C8-072A-4E3D-8D2B-B2D4B9C47C13}.AppStore|ARM.Build.0 = Debug|Any CPU
		{E05550C8-072A-4E3D-8D2B-B2D4B9C47C13}.AppStore|ARM.Deploy.0 = Debug|Any CPU
		{E05550C8-072A-4E3D-8D2B-B2D4B9C47C13}.AppStore|ARM64.ActiveCfg = Debug|Any CPU
		{E05550C8-072A-4E3D-8D2B-B2D4B9C47C13}.AppStore|ARM64.Build.0 = Debug|Any CPU
		{E05550C8-072A-4E3D-8D2B-B2D4B9C47C13}.AppStore|ARM64.Deploy.0 = Debug|Any CPU
		{E05550C8-072A-4E3D-8D2B-B2D4B9C47C13}.AppStore|iPhone.ActiveCfg = Release|Any CPU
		{E05550C8-072A-4E3D-8D2B-B2D4B9C47C13}.AppStore|iPhone.Build.0 = Release|Any CPU
		{E05550C8-072A-4E3D-8D2B-B2D4B9C47C13}.AppStore|iPhone.Deploy.0 = Release|Any CPU
		{E05550C8-072A-4E3D-8D2B-B2D4B9C47C13}.AppStore|iPhoneSimulator.ActiveCfg = Release|Any CPU
		{E05550C8-072A-4E3D-8D2B-B2D4B9C47C13}.AppStore|iPhoneSimulator.Build.0 = Release|Any CPU
		{E05550C8-072A-4E3D-8D2B-B2D4B9C47C13}.AppStore|iPhoneSimulator.Deploy.0 = Release|Any CPU
		{E05550C8-072A-4E3D-8D2B-B2D4B9C47C13}.AppStore|x64.ActiveCfg = Debug|Any CPU
		{E05550C8-072A-4E3D-8D2B-B2D4B9C47C13}.AppStore|x64.Build.0 = Debug|Any CPU
		{E05550C8-072A-4E3D-8D2B-B2D4B9C47C13}.AppStore|x64.Deploy.0 = Debug|Any CPU
		{E05550C8-072A-4E3D-8D2B-B2D4B9C47C13}.AppStore|x86.ActiveCfg = Debug|Any CPU
		{E05550C8-072A-4E3D-8D2B-B2D4B9C47C13}.AppStore|x86.Build.0 = Debug|Any CPU
		{E05550C8-072A-4E3D-8D2B-B2D4B9C47C13}.AppStore|x86.Deploy.0 = Debug|Any CPU
		{E05550C8-072A-4E3D-8D2B-B2D4B9C47C13}.Debug|Any CPU.ActiveCfg = Debug|Any CPU
		{E05550C8-072A-4E3D-8D2B-B2D4B9C47C13}.Debug|Any CPU.Build.0 = Debug|Any CPU
		{E05550C8-072A-4E3D-8D2B-B2D4B9C47C13}.Debug|Any CPU.Deploy.0 = Debug|Any CPU
		{E05550C8-072A-4E3D-8D2B-B2D4B9C47C13}.Debug|ARM.ActiveCfg = Debug|Any CPU
		{E05550C8-072A-4E3D-8D2B-B2D4B9C47C13}.Debug|ARM.Build.0 = Debug|Any CPU
		{E05550C8-072A-4E3D-8D2B-B2D4B9C47C13}.Debug|ARM.Deploy.0 = Debug|Any CPU
		{E05550C8-072A-4E3D-8D2B-B2D4B9C47C13}.Debug|ARM64.ActiveCfg = Debug|Any CPU
		{E05550C8-072A-4E3D-8D2B-B2D4B9C47C13}.Debug|ARM64.Build.0 = Debug|Any CPU
		{E05550C8-072A-4E3D-8D2B-B2D4B9C47C13}.Debug|ARM64.Deploy.0 = Debug|Any CPU
		{E05550C8-072A-4E3D-8D2B-B2D4B9C47C13}.Debug|iPhone.ActiveCfg = Debug|Any CPU
		{E05550C8-072A-4E3D-8D2B-B2D4B9C47C13}.Debug|iPhone.Build.0 = Debug|Any CPU
		{E05550C8-072A-4E3D-8D2B-B2D4B9C47C13}.Debug|iPhone.Deploy.0 = Debug|Any CPU
		{E05550C8-072A-4E3D-8D2B-B2D4B9C47C13}.Debug|iPhoneSimulator.ActiveCfg = Debug|Any CPU
		{E05550C8-072A-4E3D-8D2B-B2D4B9C47C13}.Debug|iPhoneSimulator.Build.0 = Debug|Any CPU
		{E05550C8-072A-4E3D-8D2B-B2D4B9C47C13}.Debug|iPhoneSimulator.Deploy.0 = Debug|Any CPU
		{E05550C8-072A-4E3D-8D2B-B2D4B9C47C13}.Debug|x64.ActiveCfg = Debug|Any CPU
		{E05550C8-072A-4E3D-8D2B-B2D4B9C47C13}.Debug|x64.Build.0 = Debug|Any CPU
		{E05550C8-072A-4E3D-8D2B-B2D4B9C47C13}.Debug|x64.Deploy.0 = Debug|Any CPU
		{E05550C8-072A-4E3D-8D2B-B2D4B9C47C13}.Debug|x86.ActiveCfg = Debug|Any CPU
		{E05550C8-072A-4E3D-8D2B-B2D4B9C47C13}.Debug|x86.Build.0 = Debug|Any CPU
		{E05550C8-072A-4E3D-8D2B-B2D4B9C47C13}.Debug|x86.Deploy.0 = Debug|Any CPU
		{E05550C8-072A-4E3D-8D2B-B2D4B9C47C13}.Release|Any CPU.ActiveCfg = Release|Any CPU
		{E05550C8-072A-4E3D-8D2B-B2D4B9C47C13}.Release|Any CPU.Build.0 = Release|Any CPU
		{E05550C8-072A-4E3D-8D2B-B2D4B9C47C13}.Release|Any CPU.Deploy.0 = Release|Any CPU
		{E05550C8-072A-4E3D-8D2B-B2D4B9C47C13}.Release|ARM.ActiveCfg = Release|Any CPU
		{E05550C8-072A-4E3D-8D2B-B2D4B9C47C13}.Release|ARM.Build.0 = Release|Any CPU
		{E05550C8-072A-4E3D-8D2B-B2D4B9C47C13}.Release|ARM.Deploy.0 = Release|Any CPU
		{E05550C8-072A-4E3D-8D2B-B2D4B9C47C13}.Release|ARM64.ActiveCfg = Release|Any CPU
		{E05550C8-072A-4E3D-8D2B-B2D4B9C47C13}.Release|ARM64.Build.0 = Release|Any CPU
		{E05550C8-072A-4E3D-8D2B-B2D4B9C47C13}.Release|ARM64.Deploy.0 = Release|Any CPU
		{E05550C8-072A-4E3D-8D2B-B2D4B9C47C13}.Release|iPhone.ActiveCfg = Release|Any CPU
		{E05550C8-072A-4E3D-8D2B-B2D4B9C47C13}.Release|iPhone.Build.0 = Release|Any CPU
		{E05550C8-072A-4E3D-8D2B-B2D4B9C47C13}.Release|iPhone.Deploy.0 = Release|Any CPU
		{E05550C8-072A-4E3D-8D2B-B2D4B9C47C13}.Release|iPhoneSimulator.ActiveCfg = Release|Any CPU
		{E05550C8-072A-4E3D-8D2B-B2D4B9C47C13}.Release|iPhoneSimulator.Build.0 = Release|Any CPU
		{E05550C8-072A-4E3D-8D2B-B2D4B9C47C13}.Release|iPhoneSimulator.Deploy.0 = Release|Any CPU
		{E05550C8-072A-4E3D-8D2B-B2D4B9C47C13}.Release|x64.ActiveCfg = Release|Any CPU
		{E05550C8-072A-4E3D-8D2B-B2D4B9C47C13}.Release|x64.Build.0 = Release|Any CPU
		{E05550C8-072A-4E3D-8D2B-B2D4B9C47C13}.Release|x64.Deploy.0 = Release|Any CPU
		{E05550C8-072A-4E3D-8D2B-B2D4B9C47C13}.Release|x86.ActiveCfg = Release|Any CPU
		{E05550C8-072A-4E3D-8D2B-B2D4B9C47C13}.Release|x86.Build.0 = Release|Any CPU
		{E05550C8-072A-4E3D-8D2B-B2D4B9C47C13}.Release|x86.Deploy.0 = Release|Any CPU
		{8DFEFB5E-6594-4FFA-B7C2-D3AEBB98DD70}.Ad-Hoc|Any CPU.ActiveCfg = Ad-Hoc|iPhone
		{8DFEFB5E-6594-4FFA-B7C2-D3AEBB98DD70}.Ad-Hoc|ARM.ActiveCfg = Ad-Hoc|iPhoneSimulator
		{8DFEFB5E-6594-4FFA-B7C2-D3AEBB98DD70}.Ad-Hoc|ARM64.ActiveCfg = Ad-Hoc|iPhoneSimulator
		{8DFEFB5E-6594-4FFA-B7C2-D3AEBB98DD70}.Ad-Hoc|iPhone.ActiveCfg = Ad-Hoc|iPhone
		{8DFEFB5E-6594-4FFA-B7C2-D3AEBB98DD70}.Ad-Hoc|iPhone.Build.0 = Ad-Hoc|iPhone
		{8DFEFB5E-6594-4FFA-B7C2-D3AEBB98DD70}.Ad-Hoc|iPhoneSimulator.ActiveCfg = Ad-Hoc|iPhoneSimulator
		{8DFEFB5E-6594-4FFA-B7C2-D3AEBB98DD70}.Ad-Hoc|iPhoneSimulator.Build.0 = Ad-Hoc|iPhoneSimulator
		{8DFEFB5E-6594-4FFA-B7C2-D3AEBB98DD70}.Ad-Hoc|x64.ActiveCfg = Ad-Hoc|iPhoneSimulator
		{8DFEFB5E-6594-4FFA-B7C2-D3AEBB98DD70}.Ad-Hoc|x86.ActiveCfg = Ad-Hoc|iPhoneSimulator
		{8DFEFB5E-6594-4FFA-B7C2-D3AEBB98DD70}.AppStore|Any CPU.ActiveCfg = AppStore|iPhone
		{8DFEFB5E-6594-4FFA-B7C2-D3AEBB98DD70}.AppStore|ARM.ActiveCfg = AppStore|iPhoneSimulator
		{8DFEFB5E-6594-4FFA-B7C2-D3AEBB98DD70}.AppStore|ARM64.ActiveCfg = AppStore|iPhoneSimulator
		{8DFEFB5E-6594-4FFA-B7C2-D3AEBB98DD70}.AppStore|iPhone.ActiveCfg = AppStore|iPhone
		{8DFEFB5E-6594-4FFA-B7C2-D3AEBB98DD70}.AppStore|iPhone.Build.0 = AppStore|iPhone
		{8DFEFB5E-6594-4FFA-B7C2-D3AEBB98DD70}.AppStore|iPhoneSimulator.ActiveCfg = AppStore|iPhoneSimulator
		{8DFEFB5E-6594-4FFA-B7C2-D3AEBB98DD70}.AppStore|iPhoneSimulator.Build.0 = AppStore|iPhoneSimulator
		{8DFEFB5E-6594-4FFA-B7C2-D3AEBB98DD70}.AppStore|x64.ActiveCfg = AppStore|iPhoneSimulator
		{8DFEFB5E-6594-4FFA-B7C2-D3AEBB98DD70}.AppStore|x86.ActiveCfg = AppStore|iPhoneSimulator
		{8DFEFB5E-6594-4FFA-B7C2-D3AEBB98DD70}.Debug|Any CPU.ActiveCfg = Debug|iPhone
		{8DFEFB5E-6594-4FFA-B7C2-D3AEBB98DD70}.Debug|ARM.ActiveCfg = Debug|iPhoneSimulator
		{8DFEFB5E-6594-4FFA-B7C2-D3AEBB98DD70}.Debug|ARM64.ActiveCfg = Debug|iPhoneSimulator
		{8DFEFB5E-6594-4FFA-B7C2-D3AEBB98DD70}.Debug|iPhone.ActiveCfg = Debug|iPhone
		{8DFEFB5E-6594-4FFA-B7C2-D3AEBB98DD70}.Debug|iPhone.Build.0 = Debug|iPhone
		{8DFEFB5E-6594-4FFA-B7C2-D3AEBB98DD70}.Debug|iPhoneSimulator.ActiveCfg = Debug|iPhoneSimulator
		{8DFEFB5E-6594-4FFA-B7C2-D3AEBB98DD70}.Debug|iPhoneSimulator.Build.0 = Debug|iPhoneSimulator
		{8DFEFB5E-6594-4FFA-B7C2-D3AEBB98DD70}.Debug|x64.ActiveCfg = Debug|iPhoneSimulator
		{8DFEFB5E-6594-4FFA-B7C2-D3AEBB98DD70}.Debug|x86.ActiveCfg = Debug|iPhoneSimulator
		{8DFEFB5E-6594-4FFA-B7C2-D3AEBB98DD70}.Release|Any CPU.ActiveCfg = Release|iPhone
		{8DFEFB5E-6594-4FFA-B7C2-D3AEBB98DD70}.Release|ARM.ActiveCfg = Release|iPhoneSimulator
		{8DFEFB5E-6594-4FFA-B7C2-D3AEBB98DD70}.Release|ARM64.ActiveCfg = Release|iPhoneSimulator
		{8DFEFB5E-6594-4FFA-B7C2-D3AEBB98DD70}.Release|iPhone.ActiveCfg = Release|iPhone
		{8DFEFB5E-6594-4FFA-B7C2-D3AEBB98DD70}.Release|iPhone.Build.0 = Release|iPhone
		{8DFEFB5E-6594-4FFA-B7C2-D3AEBB98DD70}.Release|iPhoneSimulator.ActiveCfg = Release|iPhoneSimulator
		{8DFEFB5E-6594-4FFA-B7C2-D3AEBB98DD70}.Release|iPhoneSimulator.Build.0 = Release|iPhoneSimulator
		{8DFEFB5E-6594-4FFA-B7C2-D3AEBB98DD70}.Release|x64.ActiveCfg = Release|iPhoneSimulator
		{8DFEFB5E-6594-4FFA-B7C2-D3AEBB98DD70}.Release|x86.ActiveCfg = Release|iPhoneSimulator
		{BA3F5DF0-18B8-43EC-9EB7-A4C6B23DE7BB}.Ad-Hoc|Any CPU.ActiveCfg = Debug|Any CPU
		{BA3F5DF0-18B8-43EC-9EB7-A4C6B23DE7BB}.Ad-Hoc|Any CPU.Build.0 = Debug|Any CPU
		{BA3F5DF0-18B8-43EC-9EB7-A4C6B23DE7BB}.Ad-Hoc|ARM.ActiveCfg = Release|Any CPU
		{BA3F5DF0-18B8-43EC-9EB7-A4C6B23DE7BB}.Ad-Hoc|ARM.Build.0 = Release|Any CPU
		{BA3F5DF0-18B8-43EC-9EB7-A4C6B23DE7BB}.Ad-Hoc|ARM64.ActiveCfg = Release|Any CPU
		{BA3F5DF0-18B8-43EC-9EB7-A4C6B23DE7BB}.Ad-Hoc|ARM64.Build.0 = Release|Any CPU
		{BA3F5DF0-18B8-43EC-9EB7-A4C6B23DE7BB}.Ad-Hoc|iPhone.ActiveCfg = Debug|Any CPU
		{BA3F5DF0-18B8-43EC-9EB7-A4C6B23DE7BB}.Ad-Hoc|iPhone.Build.0 = Debug|Any CPU
		{BA3F5DF0-18B8-43EC-9EB7-A4C6B23DE7BB}.Ad-Hoc|iPhoneSimulator.ActiveCfg = Debug|Any CPU
		{BA3F5DF0-18B8-43EC-9EB7-A4C6B23DE7BB}.Ad-Hoc|iPhoneSimulator.Build.0 = Debug|Any CPU
		{BA3F5DF0-18B8-43EC-9EB7-A4C6B23DE7BB}.Ad-Hoc|x64.ActiveCfg = Release|Any CPU
		{BA3F5DF0-18B8-43EC-9EB7-A4C6B23DE7BB}.Ad-Hoc|x64.Build.0 = Release|Any CPU
		{BA3F5DF0-18B8-43EC-9EB7-A4C6B23DE7BB}.Ad-Hoc|x86.ActiveCfg = Release|Any CPU
		{BA3F5DF0-18B8-43EC-9EB7-A4C6B23DE7BB}.Ad-Hoc|x86.Build.0 = Release|Any CPU
		{BA3F5DF0-18B8-43EC-9EB7-A4C6B23DE7BB}.AppStore|Any CPU.ActiveCfg = Debug|Any CPU
		{BA3F5DF0-18B8-43EC-9EB7-A4C6B23DE7BB}.AppStore|Any CPU.Build.0 = Debug|Any CPU
		{BA3F5DF0-18B8-43EC-9EB7-A4C6B23DE7BB}.AppStore|ARM.ActiveCfg = Release|Any CPU
		{BA3F5DF0-18B8-43EC-9EB7-A4C6B23DE7BB}.AppStore|ARM.Build.0 = Release|Any CPU
		{BA3F5DF0-18B8-43EC-9EB7-A4C6B23DE7BB}.AppStore|ARM64.ActiveCfg = Release|Any CPU
		{BA3F5DF0-18B8-43EC-9EB7-A4C6B23DE7BB}.AppStore|ARM64.Build.0 = Release|Any CPU
		{BA3F5DF0-18B8-43EC-9EB7-A4C6B23DE7BB}.AppStore|iPhone.ActiveCfg = Debug|Any CPU
		{BA3F5DF0-18B8-43EC-9EB7-A4C6B23DE7BB}.AppStore|iPhone.Build.0 = Debug|Any CPU
		{BA3F5DF0-18B8-43EC-9EB7-A4C6B23DE7BB}.AppStore|iPhoneSimulator.ActiveCfg = Debug|Any CPU
		{BA3F5DF0-18B8-43EC-9EB7-A4C6B23DE7BB}.AppStore|iPhoneSimulator.Build.0 = Debug|Any CPU
		{BA3F5DF0-18B8-43EC-9EB7-A4C6B23DE7BB}.AppStore|x64.ActiveCfg = Release|Any CPU
		{BA3F5DF0-18B8-43EC-9EB7-A4C6B23DE7BB}.AppStore|x64.Build.0 = Release|Any CPU
		{BA3F5DF0-18B8-43EC-9EB7-A4C6B23DE7BB}.AppStore|x86.ActiveCfg = Release|Any CPU
		{BA3F5DF0-18B8-43EC-9EB7-A4C6B23DE7BB}.AppStore|x86.Build.0 = Release|Any CPU
		{BA3F5DF0-18B8-43EC-9EB7-A4C6B23DE7BB}.Debug|Any CPU.ActiveCfg = Debug|Any CPU
		{BA3F5DF0-18B8-43EC-9EB7-A4C6B23DE7BB}.Debug|Any CPU.Build.0 = Debug|Any CPU
		{BA3F5DF0-18B8-43EC-9EB7-A4C6B23DE7BB}.Debug|ARM.ActiveCfg = Debug|Any CPU
		{BA3F5DF0-18B8-43EC-9EB7-A4C6B23DE7BB}.Debug|ARM.Build.0 = Debug|Any CPU
		{BA3F5DF0-18B8-43EC-9EB7-A4C6B23DE7BB}.Debug|ARM64.ActiveCfg = Debug|Any CPU
		{BA3F5DF0-18B8-43EC-9EB7-A4C6B23DE7BB}.Debug|ARM64.Build.0 = Debug|Any CPU
		{BA3F5DF0-18B8-43EC-9EB7-A4C6B23DE7BB}.Debug|iPhone.ActiveCfg = Debug|Any CPU
		{BA3F5DF0-18B8-43EC-9EB7-A4C6B23DE7BB}.Debug|iPhone.Build.0 = Debug|Any CPU
		{BA3F5DF0-18B8-43EC-9EB7-A4C6B23DE7BB}.Debug|iPhoneSimulator.ActiveCfg = Debug|Any CPU
		{BA3F5DF0-18B8-43EC-9EB7-A4C6B23DE7BB}.Debug|iPhoneSimulator.Build.0 = Debug|Any CPU
		{BA3F5DF0-18B8-43EC-9EB7-A4C6B23DE7BB}.Debug|x64.ActiveCfg = Debug|Any CPU
		{BA3F5DF0-18B8-43EC-9EB7-A4C6B23DE7BB}.Debug|x64.Build.0 = Debug|Any CPU
		{BA3F5DF0-18B8-43EC-9EB7-A4C6B23DE7BB}.Debug|x86.ActiveCfg = Debug|Any CPU
		{BA3F5DF0-18B8-43EC-9EB7-A4C6B23DE7BB}.Debug|x86.Build.0 = Debug|Any CPU
		{BA3F5DF0-18B8-43EC-9EB7-A4C6B23DE7BB}.Release|Any CPU.ActiveCfg = Release|Any CPU
		{BA3F5DF0-18B8-43EC-9EB7-A4C6B23DE7BB}.Release|Any CPU.Build.0 = Release|Any CPU
		{BA3F5DF0-18B8-43EC-9EB7-A4C6B23DE7BB}.Release|ARM.ActiveCfg = Release|Any CPU
		{BA3F5DF0-18B8-43EC-9EB7-A4C6B23DE7BB}.Release|ARM.Build.0 = Release|Any CPU
		{BA3F5DF0-18B8-43EC-9EB7-A4C6B23DE7BB}.Release|ARM64.ActiveCfg = Release|Any CPU
		{BA3F5DF0-18B8-43EC-9EB7-A4C6B23DE7BB}.Release|ARM64.Build.0 = Release|Any CPU
		{BA3F5DF0-18B8-43EC-9EB7-A4C6B23DE7BB}.Release|iPhone.ActiveCfg = Release|Any CPU
		{BA3F5DF0-18B8-43EC-9EB7-A4C6B23DE7BB}.Release|iPhone.Build.0 = Release|Any CPU
		{BA3F5DF0-18B8-43EC-9EB7-A4C6B23DE7BB}.Release|iPhoneSimulator.ActiveCfg = Release|Any CPU
		{BA3F5DF0-18B8-43EC-9EB7-A4C6B23DE7BB}.Release|iPhoneSimulator.Build.0 = Release|Any CPU
		{BA3F5DF0-18B8-43EC-9EB7-A4C6B23DE7BB}.Release|x64.ActiveCfg = Release|Any CPU
		{BA3F5DF0-18B8-43EC-9EB7-A4C6B23DE7BB}.Release|x64.Build.0 = Release|Any CPU
		{BA3F5DF0-18B8-43EC-9EB7-A4C6B23DE7BB}.Release|x86.ActiveCfg = Release|Any CPU
		{BA3F5DF0-18B8-43EC-9EB7-A4C6B23DE7BB}.Release|x86.Build.0 = Release|Any CPU
		{AB963F27-7D97-4580-BF30-E36E62FC13B4}.Ad-Hoc|Any CPU.ActiveCfg = Debug|Any CPU
		{AB963F27-7D97-4580-BF30-E36E62FC13B4}.Ad-Hoc|Any CPU.Build.0 = Debug|Any CPU
		{AB963F27-7D97-4580-BF30-E36E62FC13B4}.Ad-Hoc|ARM.ActiveCfg = Release|Any CPU
		{AB963F27-7D97-4580-BF30-E36E62FC13B4}.Ad-Hoc|ARM.Build.0 = Release|Any CPU
		{AB963F27-7D97-4580-BF30-E36E62FC13B4}.Ad-Hoc|ARM64.ActiveCfg = Release|Any CPU
		{AB963F27-7D97-4580-BF30-E36E62FC13B4}.Ad-Hoc|ARM64.Build.0 = Release|Any CPU
		{AB963F27-7D97-4580-BF30-E36E62FC13B4}.Ad-Hoc|iPhone.ActiveCfg = Debug|Any CPU
		{AB963F27-7D97-4580-BF30-E36E62FC13B4}.Ad-Hoc|iPhone.Build.0 = Debug|Any CPU
		{AB963F27-7D97-4580-BF30-E36E62FC13B4}.Ad-Hoc|iPhoneSimulator.ActiveCfg = Debug|Any CPU
		{AB963F27-7D97-4580-BF30-E36E62FC13B4}.Ad-Hoc|iPhoneSimulator.Build.0 = Debug|Any CPU
		{AB963F27-7D97-4580-BF30-E36E62FC13B4}.Ad-Hoc|x64.ActiveCfg = Release|Any CPU
		{AB963F27-7D97-4580-BF30-E36E62FC13B4}.Ad-Hoc|x64.Build.0 = Release|Any CPU
		{AB963F27-7D97-4580-BF30-E36E62FC13B4}.Ad-Hoc|x86.ActiveCfg = Release|Any CPU
		{AB963F27-7D97-4580-BF30-E36E62FC13B4}.Ad-Hoc|x86.Build.0 = Release|Any CPU
		{AB963F27-7D97-4580-BF30-E36E62FC13B4}.AppStore|Any CPU.ActiveCfg = Debug|Any CPU
		{AB963F27-7D97-4580-BF30-E36E62FC13B4}.AppStore|Any CPU.Build.0 = Debug|Any CPU
		{AB963F27-7D97-4580-BF30-E36E62FC13B4}.AppStore|ARM.ActiveCfg = Release|Any CPU
		{AB963F27-7D97-4580-BF30-E36E62FC13B4}.AppStore|ARM.Build.0 = Release|Any CPU
		{AB963F27-7D97-4580-BF30-E36E62FC13B4}.AppStore|ARM64.ActiveCfg = Release|Any CPU
		{AB963F27-7D97-4580-BF30-E36E62FC13B4}.AppStore|ARM64.Build.0 = Release|Any CPU
		{AB963F27-7D97-4580-BF30-E36E62FC13B4}.AppStore|iPhone.ActiveCfg = Debug|Any CPU
		{AB963F27-7D97-4580-BF30-E36E62FC13B4}.AppStore|iPhone.Build.0 = Debug|Any CPU
		{AB963F27-7D97-4580-BF30-E36E62FC13B4}.AppStore|iPhoneSimulator.ActiveCfg = Debug|Any CPU
		{AB963F27-7D97-4580-BF30-E36E62FC13B4}.AppStore|iPhoneSimulator.Build.0 = Debug|Any CPU
		{AB963F27-7D97-4580-BF30-E36E62FC13B4}.AppStore|x64.ActiveCfg = Release|Any CPU
		{AB963F27-7D97-4580-BF30-E36E62FC13B4}.AppStore|x64.Build.0 = Release|Any CPU
		{AB963F27-7D97-4580-BF30-E36E62FC13B4}.AppStore|x86.ActiveCfg = Release|Any CPU
		{AB963F27-7D97-4580-BF30-E36E62FC13B4}.AppStore|x86.Build.0 = Release|Any CPU
		{AB963F27-7D97-4580-BF30-E36E62FC13B4}.Debug|Any CPU.ActiveCfg = Debug|Any CPU
		{AB963F27-7D97-4580-BF30-E36E62FC13B4}.Debug|Any CPU.Build.0 = Debug|Any CPU
		{AB963F27-7D97-4580-BF30-E36E62FC13B4}.Debug|ARM.ActiveCfg = Debug|Any CPU
		{AB963F27-7D97-4580-BF30-E36E62FC13B4}.Debug|ARM.Build.0 = Debug|Any CPU
		{AB963F27-7D97-4580-BF30-E36E62FC13B4}.Debug|ARM64.ActiveCfg = Debug|Any CPU
		{AB963F27-7D97-4580-BF30-E36E62FC13B4}.Debug|ARM64.Build.0 = Debug|Any CPU
		{AB963F27-7D97-4580-BF30-E36E62FC13B4}.Debug|iPhone.ActiveCfg = Debug|Any CPU
		{AB963F27-7D97-4580-BF30-E36E62FC13B4}.Debug|iPhone.Build.0 = Debug|Any CPU
		{AB963F27-7D97-4580-BF30-E36E62FC13B4}.Debug|iPhoneSimulator.ActiveCfg = Debug|Any CPU
		{AB963F27-7D97-4580-BF30-E36E62FC13B4}.Debug|iPhoneSimulator.Build.0 = Debug|Any CPU
		{AB963F27-7D97-4580-BF30-E36E62FC13B4}.Debug|x64.ActiveCfg = Debug|Any CPU
		{AB963F27-7D97-4580-BF30-E36E62FC13B4}.Debug|x64.Build.0 = Debug|Any CPU
		{AB963F27-7D97-4580-BF30-E36E62FC13B4}.Debug|x86.ActiveCfg = Debug|Any CPU
		{AB963F27-7D97-4580-BF30-E36E62FC13B4}.Debug|x86.Build.0 = Debug|Any CPU
		{AB963F27-7D97-4580-BF30-E36E62FC13B4}.Release|Any CPU.ActiveCfg = Release|Any CPU
		{AB963F27-7D97-4580-BF30-E36E62FC13B4}.Release|Any CPU.Build.0 = Release|Any CPU
		{AB963F27-7D97-4580-BF30-E36E62FC13B4}.Release|ARM.ActiveCfg = Release|Any CPU
		{AB963F27-7D97-4580-BF30-E36E62FC13B4}.Release|ARM.Build.0 = Release|Any CPU
		{AB963F27-7D97-4580-BF30-E36E62FC13B4}.Release|ARM64.ActiveCfg = Release|Any CPU
		{AB963F27-7D97-4580-BF30-E36E62FC13B4}.Release|ARM64.Build.0 = Release|Any CPU
		{AB963F27-7D97-4580-BF30-E36E62FC13B4}.Release|iPhone.ActiveCfg = Release|Any CPU
		{AB963F27-7D97-4580-BF30-E36E62FC13B4}.Release|iPhone.Build.0 = Release|Any CPU
		{AB963F27-7D97-4580-BF30-E36E62FC13B4}.Release|iPhoneSimulator.ActiveCfg = Release|Any CPU
		{AB963F27-7D97-4580-BF30-E36E62FC13B4}.Release|iPhoneSimulator.Build.0 = Release|Any CPU
		{AB963F27-7D97-4580-BF30-E36E62FC13B4}.Release|x64.ActiveCfg = Release|Any CPU
		{AB963F27-7D97-4580-BF30-E36E62FC13B4}.Release|x64.Build.0 = Release|Any CPU
		{AB963F27-7D97-4580-BF30-E36E62FC13B4}.Release|x86.ActiveCfg = Release|Any CPU
		{AB963F27-7D97-4580-BF30-E36E62FC13B4}.Release|x86.Build.0 = Release|Any CPU
		{E37FBE58-A854-4B1D-9B61-79353C7FB83F}.Ad-Hoc|Any CPU.ActiveCfg = Release|Any CPU
		{E37FBE58-A854-4B1D-9B61-79353C7FB83F}.Ad-Hoc|Any CPU.Build.0 = Release|Any CPU
		{E37FBE58-A854-4B1D-9B61-79353C7FB83F}.Ad-Hoc|ARM.ActiveCfg = Release|ARM
		{E37FBE58-A854-4B1D-9B61-79353C7FB83F}.Ad-Hoc|ARM.Build.0 = Release|ARM
		{E37FBE58-A854-4B1D-9B61-79353C7FB83F}.Ad-Hoc|ARM64.ActiveCfg = Release|ARM64
		{E37FBE58-A854-4B1D-9B61-79353C7FB83F}.Ad-Hoc|ARM64.Build.0 = Release|ARM64
		{E37FBE58-A854-4B1D-9B61-79353C7FB83F}.Ad-Hoc|iPhone.ActiveCfg = Release|Any CPU
		{E37FBE58-A854-4B1D-9B61-79353C7FB83F}.Ad-Hoc|iPhone.Build.0 = Release|Any CPU
		{E37FBE58-A854-4B1D-9B61-79353C7FB83F}.Ad-Hoc|iPhoneSimulator.ActiveCfg = Release|Any CPU
		{E37FBE58-A854-4B1D-9B61-79353C7FB83F}.Ad-Hoc|iPhoneSimulator.Build.0 = Release|Any CPU
		{E37FBE58-A854-4B1D-9B61-79353C7FB83F}.Ad-Hoc|x64.ActiveCfg = Release|x64
		{E37FBE58-A854-4B1D-9B61-79353C7FB83F}.Ad-Hoc|x64.Build.0 = Release|x64
		{E37FBE58-A854-4B1D-9B61-79353C7FB83F}.Ad-Hoc|x86.ActiveCfg = Release|x86
		{E37FBE58-A854-4B1D-9B61-79353C7FB83F}.Ad-Hoc|x86.Build.0 = Release|x86
		{E37FBE58-A854-4B1D-9B61-79353C7FB83F}.AppStore|Any CPU.ActiveCfg = Release|Any CPU
		{E37FBE58-A854-4B1D-9B61-79353C7FB83F}.AppStore|Any CPU.Build.0 = Release|Any CPU
		{E37FBE58-A854-4B1D-9B61-79353C7FB83F}.AppStore|ARM.ActiveCfg = Release|ARM
		{E37FBE58-A854-4B1D-9B61-79353C7FB83F}.AppStore|ARM.Build.0 = Release|ARM
		{E37FBE58-A854-4B1D-9B61-79353C7FB83F}.AppStore|ARM64.ActiveCfg = Release|ARM64
		{E37FBE58-A854-4B1D-9B61-79353C7FB83F}.AppStore|ARM64.Build.0 = Release|ARM64
		{E37FBE58-A854-4B1D-9B61-79353C7FB83F}.AppStore|iPhone.ActiveCfg = Release|Any CPU
		{E37FBE58-A854-4B1D-9B61-79353C7FB83F}.AppStore|iPhone.Build.0 = Release|Any CPU
		{E37FBE58-A854-4B1D-9B61-79353C7FB83F}.AppStore|iPhoneSimulator.ActiveCfg = Release|Any CPU
		{E37FBE58-A854-4B1D-9B61-79353C7FB83F}.AppStore|iPhoneSimulator.Build.0 = Release|Any CPU
		{E37FBE58-A854-4B1D-9B61-79353C7FB83F}.AppStore|x64.ActiveCfg = Release|x64
		{E37FBE58-A854-4B1D-9B61-79353C7FB83F}.AppStore|x64.Build.0 = Release|x64
		{E37FBE58-A854-4B1D-9B61-79353C7FB83F}.AppStore|x86.ActiveCfg = Release|x86
		{E37FBE58-A854-4B1D-9B61-79353C7FB83F}.AppStore|x86.Build.0 = Release|x86
		{E37FBE58-A854-4B1D-9B61-79353C7FB83F}.Debug|Any CPU.ActiveCfg = Debug|Any CPU
		{E37FBE58-A854-4B1D-9B61-79353C7FB83F}.Debug|Any CPU.Build.0 = Debug|Any CPU
		{E37FBE58-A854-4B1D-9B61-79353C7FB83F}.Debug|ARM.ActiveCfg = Debug|ARM
		{E37FBE58-A854-4B1D-9B61-79353C7FB83F}.Debug|ARM.Build.0 = Debug|ARM
		{E37FBE58-A854-4B1D-9B61-79353C7FB83F}.Debug|ARM64.ActiveCfg = Debug|ARM64
		{E37FBE58-A854-4B1D-9B61-79353C7FB83F}.Debug|ARM64.Build.0 = Debug|ARM64
		{E37FBE58-A854-4B1D-9B61-79353C7FB83F}.Debug|iPhone.ActiveCfg = Debug|Any CPU
		{E37FBE58-A854-4B1D-9B61-79353C7FB83F}.Debug|iPhone.Build.0 = Debug|Any CPU
		{E37FBE58-A854-4B1D-9B61-79353C7FB83F}.Debug|iPhoneSimulator.ActiveCfg = Debug|Any CPU
		{E37FBE58-A854-4B1D-9B61-79353C7FB83F}.Debug|iPhoneSimulator.Build.0 = Debug|Any CPU
		{E37FBE58-A854-4B1D-9B61-79353C7FB83F}.Debug|x64.ActiveCfg = Debug|x64
		{E37FBE58-A854-4B1D-9B61-79353C7FB83F}.Debug|x64.Build.0 = Debug|x64
		{E37FBE58-A854-4B1D-9B61-79353C7FB83F}.Debug|x86.ActiveCfg = Debug|x86
		{E37FBE58-A854-4B1D-9B61-79353C7FB83F}.Debug|x86.Build.0 = Debug|x86
		{E37FBE58-A854-4B1D-9B61-79353C7FB83F}.Release|Any CPU.ActiveCfg = Release|Any CPU
		{E37FBE58-A854-4B1D-9B61-79353C7FB83F}.Release|Any CPU.Build.0 = Release|Any CPU
		{E37FBE58-A854-4B1D-9B61-79353C7FB83F}.Release|ARM.ActiveCfg = Release|ARM
		{E37FBE58-A854-4B1D-9B61-79353C7FB83F}.Release|ARM.Build.0 = Release|ARM
		{E37FBE58-A854-4B1D-9B61-79353C7FB83F}.Release|ARM64.ActiveCfg = Release|ARM64
		{E37FBE58-A854-4B1D-9B61-79353C7FB83F}.Release|ARM64.Build.0 = Release|ARM64
		{E37FBE58-A854-4B1D-9B61-79353C7FB83F}.Release|iPhone.ActiveCfg = Release|Any CPU
		{E37FBE58-A854-4B1D-9B61-79353C7FB83F}.Release|iPhone.Build.0 = Release|Any CPU
		{E37FBE58-A854-4B1D-9B61-79353C7FB83F}.Release|iPhoneSimulator.ActiveCfg = Release|Any CPU
		{E37FBE58-A854-4B1D-9B61-79353C7FB83F}.Release|iPhoneSimulator.Build.0 = Release|Any CPU
		{E37FBE58-A854-4B1D-9B61-79353C7FB83F}.Release|x64.ActiveCfg = Release|x64
		{E37FBE58-A854-4B1D-9B61-79353C7FB83F}.Release|x64.Build.0 = Release|x64
		{E37FBE58-A854-4B1D-9B61-79353C7FB83F}.Release|x86.ActiveCfg = Release|x86
		{E37FBE58-A854-4B1D-9B61-79353C7FB83F}.Release|x86.Build.0 = Release|x86
	EndGlobalSection
	GlobalSection(SolutionProperties) = preSolution
		HideSolutionNode = FALSE
	EndGlobalSection
	GlobalSection(NestedProjects) = preSolution
		{F085C3E8-BB5E-48FA-A8DC-CC9E69BB041D} = {8B758685-4066-4258-AF77-7015FFC452A0}
		{E71F3053-056C-4381-9638-048ED73BDFF6} = {8B758685-4066-4258-AF77-7015FFC452A0}
		{8B758685-4066-4258-AF77-7015FFC452A0} = {C999E428-44AD-4488-A752-302AB38F62DE}
		{62DFD71B-A6C5-4C19-B1C5-110AAC69E06A} = {C999E428-44AD-4488-A752-302AB38F62DE}
		{CAF232F8-446A-41B1-B837-006FF5DE9A60} = {62DFD71B-A6C5-4C19-B1C5-110AAC69E06A}
		{E05550C8-072A-4E3D-8D2B-B2D4B9C47C13} = {FA745DA9-B810-4DFE-8AC1-D767FEFDBC21}
		{8DFEFB5E-6594-4FFA-B7C2-D3AEBB98DD70} = {FA745DA9-B810-4DFE-8AC1-D767FEFDBC21}
		{BA3F5DF0-18B8-43EC-9EB7-A4C6B23DE7BB} = {FA745DA9-B810-4DFE-8AC1-D767FEFDBC21}
		{AB963F27-7D97-4580-BF30-E36E62FC13B4} = {FA745DA9-B810-4DFE-8AC1-D767FEFDBC21}
		{E37FBE58-A854-4B1D-9B61-79353C7FB83F} = {8B758685-4066-4258-AF77-7015FFC452A0}
	EndGlobalSection
	GlobalSection(ExtensibilityGlobals) = postSolution
		SolutionGuid = {A328A45A-5DAB-4AAC-AF17-429599ECCB1A}
	EndGlobalSection
EndGlobal
