
Microsoft Visual Studio Solution File, Format Version 12.00
# Visual Studio Version 16
VisualStudioVersion = 16.0.29324.140
MinimumVisualStudioVersion = 10.0.40219.1
Project("{2150E333-8FDC-42A3-9474-1A3956D46DE8}") = "SolutionItems", "SolutionItems", "{5419A661-3FAA-4768-9C11-0531BDFAA3E8}"
	ProjectSection(SolutionItems) = preProject
		.gitignore = .gitignore
		Directory.build.props = Directory.build.props
		Directory.build.targets = Directory.build.targets
		global.json = global.json
		LICENSE.md = LICENSE.md
		README.md = README.md
		RELEASE_NOTES.md = RELEASE_NOTES.md
	EndProjectSection
EndProject
Project("{2150E333-8FDC-42A3-9474-1A3956D46DE8}") = "Samples", "Samples", "{FFBBBA05-A99D-4D52-8950-3F61A8D25401}"
	ProjectSection(SolutionItems) = preProject
		Samples\Directory.build.props = Samples\Directory.build.props
		Samples\Directory.build.targets = Samples\Directory.build.targets
	EndProjectSection
EndProject
Project("{FAE04EC0-301F-11D3-BF4B-00C04F79EFBC}") = "MaterialMvvmSample.Android", "Samples\MaterialMvvmSample.Android\MaterialMvvmSample.Android.csproj", "{E05550C8-072A-4E3D-8D2B-B2D4B9C47C13}"
EndProject
Project("{FAE04EC0-301F-11D3-BF4B-00C04F79EFBC}") = "MaterialMvvmSample.iOS", "Samples\MaterialMvvmSample.iOS\MaterialMvvmSample.iOS.csproj", "{8DFEFB5E-6594-4FFA-B7C2-D3AEBB98DD70}"
EndProject
Project("{9A19103F-16F7-4668-BE54-9A1E7A4F7556}") = "MaterialMvvmSample", "Samples\MaterialMvvmSample\MaterialMvvmSample.csproj", "{AADF2788-B233-4EA1-9A3C-77AF05508226}"
EndProject
Project("{9A19103F-16F7-4668-BE54-9A1E7A4F7556}") = "MaterialMvvmSample.Core", "Samples\MaterialMvvmSample.Core\MaterialMvvmSample.Core.csproj", "{B4880A99-7161-48B8-8EAB-2054127142AB}"
EndProject
Project("{9A19103F-16F7-4668-BE54-9A1E7A4F7556}") = "XF.Material", "XF.Material\XF.Material.csproj", "{716C39E8-557F-4E2B-9B88-217E4C0EC5AF}"
EndProject
Project("{FAE04EC0-301F-11D3-BF4B-00C04F79EFBC}") = "MaterialMvvmSample.Uwp", "Samples\MaterialMvvmSample.Uwp\MaterialMvvmSample.Uwp.csproj", "{39CDE841-AF83-4E67-8C32-F18F77B19B3A}"
EndProject
Global
	GlobalSection(SolutionConfigurationPlatforms) = preSolution
		Ad-Hoc|Any CPU = Ad-Hoc|Any CPU
		Ad-Hoc|ARM = Ad-Hoc|ARM
		Ad-Hoc|ARM64 = Ad-Hoc|ARM64
		Ad-Hoc|iPhone = Ad-Hoc|iPhone
		Ad-Hoc|iPhoneSimulator = Ad-Hoc|iPhoneSimulator
		Ad-Hoc|x64 = Ad-Hoc|x64
		Ad-Hoc|x86 = Ad-Hoc|x86
		AppStore|Any CPU = AppStore|Any CPU
		AppStore|ARM = AppStore|ARM
		AppStore|ARM64 = AppStore|ARM64
		AppStore|iPhone = AppStore|iPhone
		AppStore|iPhoneSimulator = AppStore|iPhoneSimulator
		AppStore|x64 = AppStore|x64
		AppStore|x86 = AppStore|x86
		Debug|Any CPU = Debug|Any CPU
		Debug|ARM = Debug|ARM
		Debug|ARM64 = Debug|ARM64
		Debug|iPhone = Debug|iPhone
		Debug|iPhoneSimulator = Debug|iPhoneSimulator
		Debug|x64 = Debug|x64
		Debug|x86 = Debug|x86
		Release|Any CPU = Release|Any CPU
		Release|ARM = Release|ARM
		Release|ARM64 = Release|ARM64
		Release|iPhone = Release|iPhone
		Release|iPhoneSimulator = Release|iPhoneSimulator
		Release|x64 = Release|x64
		Release|x86 = Release|x86
	EndGlobalSection
	GlobalSection(ProjectConfigurationPlatforms) = postSolution
		{E05550C8-072A-4E3D-8D2B-B2D4B9C47C13}.Ad-Hoc|Any CPU.ActiveCfg = Release|Any CPU
		{E05550C8-072A-4E3D-8D2B-B2D4B9C47C13}.Ad-Hoc|Any CPU.Build.0 = Release|Any CPU
		{E05550C8-072A-4E3D-8D2B-B2D4B9C47C13}.Ad-Hoc|Any CPU.Deploy.0 = Release|Any CPU
		{E05550C8-072A-4E3D-8D2B-B2D4B9C47C13}.Ad-Hoc|ARM.ActiveCfg = Debug|Any CPU
		{E05550C8-072A-4E3D-8D2B-B2D4B9C47C13}.Ad-Hoc|ARM.Build.0 = Debug|Any CPU
		{E05550C8-072A-4E3D-8D2B-B2D4B9C47C13}.Ad-Hoc|ARM.Deploy.0 = Debug|Any CPU
		{E05550C8-072A-4E3D-8D2B-B2D4B9C47C13}.Ad-Hoc|ARM64.ActiveCfg = Debug|Any CPU
		{E05550C8-072A-4E3D-8D2B-B2D4B9C47C13}.Ad-Hoc|ARM64.Build.0 = Debug|Any CPU
		{E05550C8-072A-4E3D-8D2B-B2D4B9C47C13}.Ad-Hoc|ARM64.Deploy.0 = Debug|Any CPU
		{E05550C8-072A-4E3D-8D2B-B2D4B9C47C13}.Ad-Hoc|iPhone.ActiveCfg = Release|Any CPU
		{E05550C8-072A-4E3D-8D2B-B2D4B9C47C13}.Ad-Hoc|iPhone.Build.0 = Release|Any CPU
		{E05550C8-072A-4E3D-8D2B-B2D4B9C47C13}.Ad-Hoc|iPhone.Deploy.0 = Release|Any CPU
		{E05550C8-072A-4E3D-8D2B-B2D4B9C47C13}.Ad-Hoc|iPhoneSimulator.ActiveCfg = Release|Any CPU
		{E05550C8-072A-4E3D-8D2B-B2D4B9C47C13}.Ad-Hoc|iPhoneSimulator.Build.0 = Release|Any CPU
		{E05550C8-072A-4E3D-8D2B-B2D4B9C47C13}.Ad-Hoc|iPhoneSimulator.Deploy.0 = Release|Any CPU
		{E05550C8-072A-4E3D-8D2B-B2D4B9C47C13}.Ad-Hoc|x64.ActiveCfg = Debug|Any CPU
		{E05550C8-072A-4E3D-8D2B-B2D4B9C47C13}.Ad-Hoc|x64.Build.0 = Debug|Any CPU
		{E05550C8-072A-4E3D-8D2B-B2D4B9C47C13}.Ad-Hoc|x64.Deploy.0 = Debug|Any CPU
		{E05550C8-072A-4E3D-8D2B-B2D4B9C47C13}.Ad-Hoc|x86.ActiveCfg = Debug|Any CPU
		{E05550C8-072A-4E3D-8D2B-B2D4B9C47C13}.Ad-Hoc|x86.Build.0 = Debug|Any CPU
		{E05550C8-072A-4E3D-8D2B-B2D4B9C47C13}.Ad-Hoc|x86.Deploy.0 = Debug|Any CPU
		{E05550C8-072A-4E3D-8D2B-B2D4B9C47C13}.AppStore|Any CPU.ActiveCfg = Release|Any CPU
		{E05550C8-072A-4E3D-8D2B-B2D4B9C47C13}.AppStore|Any CPU.Build.0 = Release|Any CPU
		{E05550C8-072A-4E3D-8D2B-B2D4B9C47C13}.AppStore|Any CPU.Deploy.0 = Release|Any CPU
		{E05550C8-072A-4E3D-8D2B-B2D4B9C47C13}.AppStore|ARM.ActiveCfg = Debug|Any CPU
		{E05550C8-072A-4E3D-8D2B-B2D4B9C47C13}.AppStore|ARM.Build.0 = Debug|Any CPU
		{E05550C8-072A-4E3D-8D2B-B2D4B9C47C13}.AppStore|ARM.Deploy.0 = Debug|Any CPU
		{E05550C8-072A-4E3D-8D2B-B2D4B9C47C13}.AppStore|ARM64.ActiveCfg = Debug|Any CPU
		{E05550C8-072A-4E3D-8D2B-B2D4B9C47C13}.AppStore|ARM64.Build.0 = Debug|Any CPU
		{E05550C8-072A-4E3D-8D2B-B2D4B9C47C13}.AppStore|ARM64.Deploy.0 = Debug|Any CPU
		{E05550C8-072A-4E3D-8D2B-B2D4B9C47C13}.AppStore|iPhone.ActiveCfg = Release|Any CPU
		{E05550C8-072A-4E3D-8D2B-B2D4B9C47C13}.AppStore|iPhone.Build.0 = Release|Any CPU
		{E05550C8-072A-4E3D-8D2B-B2D4B9C47C13}.AppStore|iPhone.Deploy.0 = Release|Any CPU
		{E05550C8-072A-4E3D-8D2B-B2D4B9C47C13}.AppStore|iPhoneSimulator.ActiveCfg = Release|Any CPU
		{E05550C8-072A-4E3D-8D2B-B2D4B9C47C13}.AppStore|iPhoneSimulator.Build.0 = Release|Any CPU
		{E05550C8-072A-4E3D-8D2B-B2D4B9C47C13}.AppStore|iPhoneSimulator.Deploy.0 = Release|Any CPU
		{E05550C8-072A-4E3D-8D2B-B2D4B9C47C13}.AppStore|x64.ActiveCfg = Debug|Any CPU
		{E05550C8-072A-4E3D-8D2B-B2D4B9C47C13}.AppStore|x64.Build.0 = Debug|Any CPU
		{E05550C8-072A-4E3D-8D2B-B2D4B9C47C13}.AppStore|x64.Deploy.0 = Debug|Any CPU
		{E05550C8-072A-4E3D-8D2B-B2D4B9C47C13}.AppStore|x86.ActiveCfg = Debug|Any CPU
		{E05550C8-072A-4E3D-8D2B-B2D4B9C47C13}.AppStore|x86.Build.0 = Debug|Any CPU
		{E05550C8-072A-4E3D-8D2B-B2D4B9C47C13}.AppStore|x86.Deploy.0 = Debug|Any CPU
		{E05550C8-072A-4E3D-8D2B-B2D4B9C47C13}.Debug|Any CPU.ActiveCfg = Debug|Any CPU
		{E05550C8-072A-4E3D-8D2B-B2D4B9C47C13}.Debug|Any CPU.Build.0 = Debug|Any CPU
		{E05550C8-072A-4E3D-8D2B-B2D4B9C47C13}.Debug|Any CPU.Deploy.0 = Debug|Any CPU
		{E05550C8-072A-4E3D-8D2B-B2D4B9C47C13}.Debug|ARM.ActiveCfg = Debug|Any CPU
		{E05550C8-072A-4E3D-8D2B-B2D4B9C47C13}.Debug|ARM.Build.0 = Debug|Any CPU
		{E05550C8-072A-4E3D-8D2B-B2D4B9C47C13}.Debug|ARM.Deploy.0 = Debug|Any CPU
		{E05550C8-072A-4E3D-8D2B-B2D4B9C47C13}.Debug|ARM64.ActiveCfg = Debug|Any CPU
		{E05550C8-072A-4E3D-8D2B-B2D4B9C47C13}.Debug|ARM64.Build.0 = Debug|Any CPU
		{E05550C8-072A-4E3D-8D2B-B2D4B9C47C13}.Debug|ARM64.Deploy.0 = Debug|Any CPU
		{E05550C8-072A-4E3D-8D2B-B2D4B9C47C13}.Debug|iPhone.ActiveCfg = Debug|Any CPU
		{E05550C8-072A-4E3D-8D2B-B2D4B9C47C13}.Debug|iPhone.Build.0 = Debug|Any CPU
		{E05550C8-072A-4E3D-8D2B-B2D4B9C47C13}.Debug|iPhone.Deploy.0 = Debug|Any CPU
		{E05550C8-072A-4E3D-8D2B-B2D4B9C47C13}.Debug|iPhoneSimulator.ActiveCfg = Debug|Any CPU
		{E05550C8-072A-4E3D-8D2B-B2D4B9C47C13}.Debug|iPhoneSimulator.Build.0 = Debug|Any CPU
		{E05550C8-072A-4E3D-8D2B-B2D4B9C47C13}.Debug|iPhoneSimulator.Deploy.0 = Debug|Any CPU
		{E05550C8-072A-4E3D-8D2B-B2D4B9C47C13}.Debug|x64.ActiveCfg = Debug|Any CPU
		{E05550C8-072A-4E3D-8D2B-B2D4B9C47C13}.Debug|x64.Build.0 = Debug|Any CPU
		{E05550C8-072A-4E3D-8D2B-B2D4B9C47C13}.Debug|x64.Deploy.0 = Debug|Any CPU
		{E05550C8-072A-4E3D-8D2B-B2D4B9C47C13}.Debug|x86.ActiveCfg = Debug|Any CPU
		{E05550C8-072A-4E3D-8D2B-B2D4B9C47C13}.Debug|x86.Build.0 = Debug|Any CPU
		{E05550C8-072A-4E3D-8D2B-B2D4B9C47C13}.Debug|x86.Deploy.0 = Debug|Any CPU
		{E05550C8-072A-4E3D-8D2B-B2D4B9C47C13}.Release|Any CPU.ActiveCfg = Release|Any CPU
		{E05550C8-072A-4E3D-8D2B-B2D4B9C47C13}.Release|ARM.ActiveCfg = Release|Any CPU
		{E05550C8-072A-4E3D-8D2B-B2D4B9C47C13}.Release|ARM.Build.0 = Release|Any CPU
		{E05550C8-072A-4E3D-8D2B-B2D4B9C47C13}.Release|ARM.Deploy.0 = Release|Any CPU
		{E05550C8-072A-4E3D-8D2B-B2D4B9C47C13}.Release|ARM64.ActiveCfg = Release|Any CPU
		{E05550C8-072A-4E3D-8D2B-B2D4B9C47C13}.Release|ARM64.Build.0 = Release|Any CPU
		{E05550C8-072A-4E3D-8D2B-B2D4B9C47C13}.Release|ARM64.Deploy.0 = Release|Any CPU
		{E05550C8-072A-4E3D-8D2B-B2D4B9C47C13}.Release|iPhone.ActiveCfg = Release|Any CPU
		{E05550C8-072A-4E3D-8D2B-B2D4B9C47C13}.Release|iPhone.Build.0 = Release|Any CPU
		{E05550C8-072A-4E3D-8D2B-B2D4B9C47C13}.Release|iPhone.Deploy.0 = Release|Any CPU
		{E05550C8-072A-4E3D-8D2B-B2D4B9C47C13}.Release|iPhoneSimulator.ActiveCfg = Release|Any CPU
		{E05550C8-072A-4E3D-8D2B-B2D4B9C47C13}.Release|iPhoneSimulator.Build.0 = Release|Any CPU
		{E05550C8-072A-4E3D-8D2B-B2D4B9C47C13}.Release|iPhoneSimulator.Deploy.0 = Release|Any CPU
		{E05550C8-072A-4E3D-8D2B-B2D4B9C47C13}.Release|x64.ActiveCfg = Release|Any CPU
		{E05550C8-072A-4E3D-8D2B-B2D4B9C47C13}.Release|x64.Build.0 = Release|Any CPU
		{E05550C8-072A-4E3D-8D2B-B2D4B9C47C13}.Release|x64.Deploy.0 = Release|Any CPU
		{E05550C8-072A-4E3D-8D2B-B2D4B9C47C13}.Release|x86.ActiveCfg = Release|Any CPU
		{E05550C8-072A-4E3D-8D2B-B2D4B9C47C13}.Release|x86.Build.0 = Release|Any CPU
		{E05550C8-072A-4E3D-8D2B-B2D4B9C47C13}.Release|x86.Deploy.0 = Release|Any CPU
		{8DFEFB5E-6594-4FFA-B7C2-D3AEBB98DD70}.Ad-Hoc|Any CPU.ActiveCfg = Ad-Hoc|iPhone
		{8DFEFB5E-6594-4FFA-B7C2-D3AEBB98DD70}.Ad-Hoc|ARM.ActiveCfg = Ad-Hoc|iPhoneSimulator
		{8DFEFB5E-6594-4FFA-B7C2-D3AEBB98DD70}.Ad-Hoc|ARM64.ActiveCfg = Ad-Hoc|iPhoneSimulator
		{8DFEFB5E-6594-4FFA-B7C2-D3AEBB98DD70}.Ad-Hoc|iPhone.ActiveCfg = Ad-Hoc|iPhone
		{8DFEFB5E-6594-4FFA-B7C2-D3AEBB98DD70}.Ad-Hoc|iPhone.Build.0 = Ad-Hoc|iPhone
		{8DFEFB5E-6594-4FFA-B7C2-D3AEBB98DD70}.Ad-Hoc|iPhoneSimulator.ActiveCfg = Ad-Hoc|iPhoneSimulator
		{8DFEFB5E-6594-4FFA-B7C2-D3AEBB98DD70}.Ad-Hoc|iPhoneSimulator.Build.0 = Ad-Hoc|iPhoneSimulator
		{8DFEFB5E-6594-4FFA-B7C2-D3AEBB98DD70}.Ad-Hoc|x64.ActiveCfg = Ad-Hoc|iPhoneSimulator
		{8DFEFB5E-6594-4FFA-B7C2-D3AEBB98DD70}.Ad-Hoc|x86.ActiveCfg = Ad-Hoc|iPhoneSimulator
		{8DFEFB5E-6594-4FFA-B7C2-D3AEBB98DD70}.AppStore|Any CPU.ActiveCfg = AppStore|iPhone
		{8DFEFB5E-6594-4FFA-B7C2-D3AEBB98DD70}.AppStore|ARM.ActiveCfg = AppStore|iPhoneSimulator
		{8DFEFB5E-6594-4FFA-B7C2-D3AEBB98DD70}.AppStore|ARM64.ActiveCfg = AppStore|iPhoneSimulator
		{8DFEFB5E-6594-4FFA-B7C2-D3AEBB98DD70}.AppStore|iPhone.ActiveCfg = AppStore|iPhone
		{8DFEFB5E-6594-4FFA-B7C2-D3AEBB98DD70}.AppStore|iPhone.Build.0 = AppStore|iPhone
		{8DFEFB5E-6594-4FFA-B7C2-D3AEBB98DD70}.AppStore|iPhoneSimulator.ActiveCfg = AppStore|iPhoneSimulator
		{8DFEFB5E-6594-4FFA-B7C2-D3AEBB98DD70}.AppStore|iPhoneSimulator.Build.0 = AppStore|iPhoneSimulator
		{8DFEFB5E-6594-4FFA-B7C2-D3AEBB98DD70}.AppStore|x64.ActiveCfg = AppStore|iPhoneSimulator
		{8DFEFB5E-6594-4FFA-B7C2-D3AEBB98DD70}.AppStore|x86.ActiveCfg = AppStore|iPhoneSimulator
		{8DFEFB5E-6594-4FFA-B7C2-D3AEBB98DD70}.Debug|Any CPU.ActiveCfg = Debug|iPhone
		{8DFEFB5E-6594-4FFA-B7C2-D3AEBB98DD70}.Debug|ARM.ActiveCfg = Debug|iPhoneSimulator
		{8DFEFB5E-6594-4FFA-B7C2-D3AEBB98DD70}.Debug|ARM64.ActiveCfg = Debug|iPhoneSimulator
		{8DFEFB5E-6594-4FFA-B7C2-D3AEBB98DD70}.Debug|iPhone.ActiveCfg = Debug|iPhone
		{8DFEFB5E-6594-4FFA-B7C2-D3AEBB98DD70}.Debug|iPhone.Build.0 = Debug|iPhone
		{8DFEFB5E-6594-4FFA-B7C2-D3AEBB98DD70}.Debug|iPhoneSimulator.ActiveCfg = Debug|iPhoneSimulator
		{8DFEFB5E-6594-4FFA-B7C2-D3AEBB98DD70}.Debug|iPhoneSimulator.Build.0 = Debug|iPhoneSimulator
		{8DFEFB5E-6594-4FFA-B7C2-D3AEBB98DD70}.Debug|x64.ActiveCfg = Debug|iPhoneSimulator
		{8DFEFB5E-6594-4FFA-B7C2-D3AEBB98DD70}.Debug|x86.ActiveCfg = Debug|iPhoneSimulator
		{8DFEFB5E-6594-4FFA-B7C2-D3AEBB98DD70}.Release|Any CPU.ActiveCfg = Release|iPhone
		{8DFEFB5E-6594-4FFA-B7C2-D3AEBB98DD70}.Release|ARM.ActiveCfg = Release|iPhoneSimulator
		{8DFEFB5E-6594-4FFA-B7C2-D3AEBB98DD70}.Release|ARM64.ActiveCfg = Release|iPhoneSimulator
		{8DFEFB5E-6594-4FFA-B7C2-D3AEBB98DD70}.Release|iPhone.ActiveCfg = Release|iPhone
		{8DFEFB5E-6594-4FFA-B7C2-D3AEBB98DD70}.Release|iPhone.Build.0 = Release|iPhone
		{8DFEFB5E-6594-4FFA-B7C2-D3AEBB98DD70}.Release|iPhoneSimulator.ActiveCfg = Release|iPhoneSimulator
		{8DFEFB5E-6594-4FFA-B7C2-D3AEBB98DD70}.Release|iPhoneSimulator.Build.0 = Release|iPhoneSimulator
		{8DFEFB5E-6594-4FFA-B7C2-D3AEBB98DD70}.Release|x64.ActiveCfg = Release|iPhoneSimulator
		{8DFEFB5E-6594-4FFA-B7C2-D3AEBB98DD70}.Release|x86.ActiveCfg = Release|iPhoneSimulator
		{AADF2788-B233-4EA1-9A3C-77AF05508226}.Ad-Hoc|Any CPU.ActiveCfg = Debug|Any CPU
		{AADF2788-B233-4EA1-9A3C-77AF05508226}.Ad-Hoc|Any CPU.Build.0 = Debug|Any CPU
		{AADF2788-B233-4EA1-9A3C-77AF05508226}.Ad-Hoc|ARM.ActiveCfg = Release|Any CPU
		{AADF2788-B233-4EA1-9A3C-77AF05508226}.Ad-Hoc|ARM.Build.0 = Release|Any CPU
		{AADF2788-B233-4EA1-9A3C-77AF05508226}.Ad-Hoc|ARM64.ActiveCfg = Release|Any CPU
		{AADF2788-B233-4EA1-9A3C-77AF05508226}.Ad-Hoc|ARM64.Build.0 = Release|Any CPU
		{AADF2788-B233-4EA1-9A3C-77AF05508226}.Ad-Hoc|iPhone.ActiveCfg = Debug|Any CPU
		{AADF2788-B233-4EA1-9A3C-77AF05508226}.Ad-Hoc|iPhone.Build.0 = Debug|Any CPU
		{AADF2788-B233-4EA1-9A3C-77AF05508226}.Ad-Hoc|iPhoneSimulator.ActiveCfg = Debug|Any CPU
		{AADF2788-B233-4EA1-9A3C-77AF05508226}.Ad-Hoc|iPhoneSimulator.Build.0 = Debug|Any CPU
		{AADF2788-B233-4EA1-9A3C-77AF05508226}.Ad-Hoc|x64.ActiveCfg = Release|Any CPU
		{AADF2788-B233-4EA1-9A3C-77AF05508226}.Ad-Hoc|x64.Build.0 = Release|Any CPU
		{AADF2788-B233-4EA1-9A3C-77AF05508226}.Ad-Hoc|x86.ActiveCfg = Release|Any CPU
		{AADF2788-B233-4EA1-9A3C-77AF05508226}.Ad-Hoc|x86.Build.0 = Release|Any CPU
		{AADF2788-B233-4EA1-9A3C-77AF05508226}.AppStore|Any CPU.ActiveCfg = Debug|Any CPU
		{AADF2788-B233-4EA1-9A3C-77AF05508226}.AppStore|Any CPU.Build.0 = Debug|Any CPU
		{AADF2788-B233-4EA1-9A3C-77AF05508226}.AppStore|ARM.ActiveCfg = Release|Any CPU
		{AADF2788-B233-4EA1-9A3C-77AF05508226}.AppStore|ARM.Build.0 = Release|Any CPU
		{AADF2788-B233-4EA1-9A3C-77AF05508226}.AppStore|ARM64.ActiveCfg = Release|Any CPU
		{AADF2788-B233-4EA1-9A3C-77AF05508226}.AppStore|ARM64.Build.0 = Release|Any CPU
		{AADF2788-B233-4EA1-9A3C-77AF05508226}.AppStore|iPhone.ActiveCfg = Debug|Any CPU
		{AADF2788-B233-4EA1-9A3C-77AF05508226}.AppStore|iPhone.Build.0 = Debug|Any CPU
		{AADF2788-B233-4EA1-9A3C-77AF05508226}.AppStore|iPhoneSimulator.ActiveCfg = Debug|Any CPU
		{AADF2788-B233-4EA1-9A3C-77AF05508226}.AppStore|iPhoneSimulator.Build.0 = Debug|Any CPU
		{AADF2788-B233-4EA1-9A3C-77AF05508226}.AppStore|x64.ActiveCfg = Release|Any CPU
		{AADF2788-B233-4EA1-9A3C-77AF05508226}.AppStore|x64.Build.0 = Release|Any CPU
		{AADF2788-B233-4EA1-9A3C-77AF05508226}.AppStore|x86.ActiveCfg = Release|Any CPU
		{AADF2788-B233-4EA1-9A3C-77AF05508226}.AppStore|x86.Build.0 = Release|Any CPU
		{AADF2788-B233-4EA1-9A3C-77AF05508226}.Debug|Any CPU.ActiveCfg = Debug|Any CPU
		{AADF2788-B233-4EA1-9A3C-77AF05508226}.Debug|Any CPU.Build.0 = Debug|Any CPU
		{AADF2788-B233-4EA1-9A3C-77AF05508226}.Debug|ARM.ActiveCfg = Debug|Any CPU
		{AADF2788-B233-4EA1-9A3C-77AF05508226}.Debug|ARM.Build.0 = Debug|Any CPU
		{AADF2788-B233-4EA1-9A3C-77AF05508226}.Debug|ARM64.ActiveCfg = Debug|Any CPU
		{AADF2788-B233-4EA1-9A3C-77AF05508226}.Debug|ARM64.Build.0 = Debug|Any CPU
		{AADF2788-B233-4EA1-9A3C-77AF05508226}.Debug|iPhone.ActiveCfg = Debug|Any CPU
		{AADF2788-B233-4EA1-9A3C-77AF05508226}.Debug|iPhone.Build.0 = Debug|Any CPU
		{AADF2788-B233-4EA1-9A3C-77AF05508226}.Debug|iPhoneSimulator.ActiveCfg = Debug|Any CPU
		{AADF2788-B233-4EA1-9A3C-77AF05508226}.Debug|iPhoneSimulator.Build.0 = Debug|Any CPU
		{AADF2788-B233-4EA1-9A3C-77AF05508226}.Debug|x64.ActiveCfg = Debug|Any CPU
		{AADF2788-B233-4EA1-9A3C-77AF05508226}.Debug|x64.Build.0 = Debug|Any CPU
		{AADF2788-B233-4EA1-9A3C-77AF05508226}.Debug|x86.ActiveCfg = Debug|Any CPU
		{AADF2788-B233-4EA1-9A3C-77AF05508226}.Debug|x86.Build.0 = Debug|Any CPU
		{AADF2788-B233-4EA1-9A3C-77AF05508226}.Release|Any CPU.ActiveCfg = Release|Any CPU
		{AADF2788-B233-4EA1-9A3C-77AF05508226}.Release|ARM.ActiveCfg = Release|Any CPU
		{AADF2788-B233-4EA1-9A3C-77AF05508226}.Release|ARM.Build.0 = Release|Any CPU
		{AADF2788-B233-4EA1-9A3C-77AF05508226}.Release|ARM64.ActiveCfg = Release|Any CPU
		{AADF2788-B233-4EA1-9A3C-77AF05508226}.Release|ARM64.Build.0 = Release|Any CPU
		{AADF2788-B233-4EA1-9A3C-77AF05508226}.Release|iPhone.ActiveCfg = Release|Any CPU
		{AADF2788-B233-4EA1-9A3C-77AF05508226}.Release|iPhone.Build.0 = Release|Any CPU
		{AADF2788-B233-4EA1-9A3C-77AF05508226}.Release|iPhoneSimulator.ActiveCfg = Release|Any CPU
		{AADF2788-B233-4EA1-9A3C-77AF05508226}.Release|iPhoneSimulator.Build.0 = Release|Any CPU
		{AADF2788-B233-4EA1-9A3C-77AF05508226}.Release|x64.ActiveCfg = Release|Any CPU
		{AADF2788-B233-4EA1-9A3C-77AF05508226}.Release|x64.Build.0 = Release|Any CPU
		{AADF2788-B233-4EA1-9A3C-77AF05508226}.Release|x86.ActiveCfg = Release|Any CPU
		{AADF2788-B233-4EA1-9A3C-77AF05508226}.Release|x86.Build.0 = Release|Any CPU
		{B4880A99-7161-48B8-8EAB-2054127142AB}.Ad-Hoc|Any CPU.ActiveCfg = Debug|Any CPU
		{B4880A99-7161-48B8-8EAB-2054127142AB}.Ad-Hoc|Any CPU.Build.0 = Debug|Any CPU
		{B4880A99-7161-48B8-8EAB-2054127142AB}.Ad-Hoc|ARM.ActiveCfg = Release|Any CPU
		{B4880A99-7161-48B8-8EAB-2054127142AB}.Ad-Hoc|ARM.Build.0 = Release|Any CPU
		{B4880A99-7161-48B8-8EAB-2054127142AB}.Ad-Hoc|ARM64.ActiveCfg = Release|Any CPU
		{B4880A99-7161-48B8-8EAB-2054127142AB}.Ad-Hoc|ARM64.Build.0 = Release|Any CPU
		{B4880A99-7161-48B8-8EAB-2054127142AB}.Ad-Hoc|iPhone.ActiveCfg = Debug|Any CPU
		{B4880A99-7161-48B8-8EAB-2054127142AB}.Ad-Hoc|iPhone.Build.0 = Debug|Any CPU
		{B4880A99-7161-48B8-8EAB-2054127142AB}.Ad-Hoc|iPhoneSimulator.ActiveCfg = Debug|Any CPU
		{B4880A99-7161-48B8-8EAB-2054127142AB}.Ad-Hoc|iPhoneSimulator.Build.0 = Debug|Any CPU
		{B4880A99-7161-48B8-8EAB-2054127142AB}.Ad-Hoc|x64.ActiveCfg = Release|Any CPU
		{B4880A99-7161-48B8-8EAB-2054127142AB}.Ad-Hoc|x64.Build.0 = Release|Any CPU
		{B4880A99-7161-48B8-8EAB-2054127142AB}.Ad-Hoc|x86.ActiveCfg = Release|Any CPU
		{B4880A99-7161-48B8-8EAB-2054127142AB}.Ad-Hoc|x86.Build.0 = Release|Any CPU
		{B4880A99-7161-48B8-8EAB-2054127142AB}.AppStore|Any CPU.ActiveCfg = Debug|Any CPU
		{B4880A99-7161-48B8-8EAB-2054127142AB}.AppStore|Any CPU.Build.0 = Debug|Any CPU
		{B4880A99-7161-48B8-8EAB-2054127142AB}.AppStore|ARM.ActiveCfg = Release|Any CPU
		{B4880A99-7161-48B8-8EAB-2054127142AB}.AppStore|ARM.Build.0 = Release|Any CPU
		{B4880A99-7161-48B8-8EAB-2054127142AB}.AppStore|ARM64.ActiveCfg = Release|Any CPU
		{B4880A99-7161-48B8-8EAB-2054127142AB}.AppStore|ARM64.Build.0 = Release|Any CPU
		{B4880A99-7161-48B8-8EAB-2054127142AB}.AppStore|iPhone.ActiveCfg = Debug|Any CPU
		{B4880A99-7161-48B8-8EAB-2054127142AB}.AppStore|iPhone.Build.0 = Debug|Any CPU
		{B4880A99-7161-48B8-8EAB-2054127142AB}.AppStore|iPhoneSimulator.ActiveCfg = Debug|Any CPU
		{B4880A99-7161-48B8-8EAB-2054127142AB}.AppStore|iPhoneSimulator.Build.0 = Debug|Any CPU
		{B4880A99-7161-48B8-8EAB-2054127142AB}.AppStore|x64.ActiveCfg = Release|Any CPU
		{B4880A99-7161-48B8-8EAB-2054127142AB}.AppStore|x64.Build.0 = Release|Any CPU
		{B4880A99-7161-48B8-8EAB-2054127142AB}.AppStore|x86.ActiveCfg = Release|Any CPU
		{B4880A99-7161-48B8-8EAB-2054127142AB}.AppStore|x86.Build.0 = Release|Any CPU
		{B4880A99-7161-48B8-8EAB-2054127142AB}.Debug|Any CPU.ActiveCfg = Debug|Any CPU
		{B4880A99-7161-48B8-8EAB-2054127142AB}.Debug|Any CPU.Build.0 = Debug|Any CPU
		{B4880A99-7161-48B8-8EAB-2054127142AB}.Debug|ARM.ActiveCfg = Debug|Any CPU
		{B4880A99-7161-48B8-8EAB-2054127142AB}.Debug|ARM.Build.0 = Debug|Any CPU
		{B4880A99-7161-48B8-8EAB-2054127142AB}.Debug|ARM64.ActiveCfg = Debug|Any CPU
		{B4880A99-7161-48B8-8EAB-2054127142AB}.Debug|ARM64.Build.0 = Debug|Any CPU
		{B4880A99-7161-48B8-8EAB-2054127142AB}.Debug|iPhone.ActiveCfg = Debug|Any CPU
		{B4880A99-7161-48B8-8EAB-2054127142AB}.Debug|iPhone.Build.0 = Debug|Any CPU
		{B4880A99-7161-48B8-8EAB-2054127142AB}.Debug|iPhoneSimulator.ActiveCfg = Debug|Any CPU
		{B4880A99-7161-48B8-8EAB-2054127142AB}.Debug|iPhoneSimulator.Build.0 = Debug|Any CPU
		{B4880A99-7161-48B8-8EAB-2054127142AB}.Debug|x64.ActiveCfg = Debug|Any CPU
		{B4880A99-7161-48B8-8EAB-2054127142AB}.Debug|x64.Build.0 = Debug|Any CPU
		{B4880A99-7161-48B8-8EAB-2054127142AB}.Debug|x86.ActiveCfg = Debug|Any CPU
		{B4880A99-7161-48B8-8EAB-2054127142AB}.Debug|x86.Build.0 = Debug|Any CPU
		{B4880A99-7161-48B8-8EAB-2054127142AB}.Release|Any CPU.ActiveCfg = Release|Any CPU
		{B4880A99-7161-48B8-8EAB-2054127142AB}.Release|ARM.ActiveCfg = Release|Any CPU
		{B4880A99-7161-48B8-8EAB-2054127142AB}.Release|ARM.Build.0 = Release|Any CPU
		{B4880A99-7161-48B8-8EAB-2054127142AB}.Release|ARM64.ActiveCfg = Release|Any CPU
		{B4880A99-7161-48B8-8EAB-2054127142AB}.Release|ARM64.Build.0 = Release|Any CPU
		{B4880A99-7161-48B8-8EAB-2054127142AB}.Release|iPhone.ActiveCfg = Release|Any CPU
		{B4880A99-7161-48B8-8EAB-2054127142AB}.Release|iPhone.Build.0 = Release|Any CPU
		{B4880A99-7161-48B8-8EAB-2054127142AB}.Release|iPhoneSimulator.ActiveCfg = Release|Any CPU
		{B4880A99-7161-48B8-8EAB-2054127142AB}.Release|iPhoneSimulator.Build.0 = Release|Any CPU
		{B4880A99-7161-48B8-8EAB-2054127142AB}.Release|x64.ActiveCfg = Release|Any CPU
		{B4880A99-7161-48B8-8EAB-2054127142AB}.Release|x64.Build.0 = Release|Any CPU
		{B4880A99-7161-48B8-8EAB-2054127142AB}.Release|x86.ActiveCfg = Release|Any CPU
		{B4880A99-7161-48B8-8EAB-2054127142AB}.Release|x86.Build.0 = Release|Any CPU
		{716C39E8-557F-4E2B-9B88-217E4C0EC5AF}.Ad-Hoc|Any CPU.ActiveCfg = Release|Any CPU
		{716C39E8-557F-4E2B-9B88-217E4C0EC5AF}.Ad-Hoc|Any CPU.Build.0 = Release|Any CPU
		{716C39E8-557F-4E2B-9B88-217E4C0EC5AF}.Ad-Hoc|ARM.ActiveCfg = Debug|Any CPU
		{716C39E8-557F-4E2B-9B88-217E4C0EC5AF}.Ad-Hoc|ARM.Build.0 = Debug|Any CPU
		{716C39E8-557F-4E2B-9B88-217E4C0EC5AF}.Ad-Hoc|ARM64.ActiveCfg = Debug|Any CPU
		{716C39E8-557F-4E2B-9B88-217E4C0EC5AF}.Ad-Hoc|ARM64.Build.0 = Debug|Any CPU
		{716C39E8-557F-4E2B-9B88-217E4C0EC5AF}.Ad-Hoc|iPhone.ActiveCfg = Release|Any CPU
		{716C39E8-557F-4E2B-9B88-217E4C0EC5AF}.Ad-Hoc|iPhone.Build.0 = Release|Any CPU
		{716C39E8-557F-4E2B-9B88-217E4C0EC5AF}.Ad-Hoc|iPhoneSimulator.ActiveCfg = Release|Any CPU
		{716C39E8-557F-4E2B-9B88-217E4C0EC5AF}.Ad-Hoc|iPhoneSimulator.Build.0 = Release|Any CPU
		{716C39E8-557F-4E2B-9B88-217E4C0EC5AF}.Ad-Hoc|x64.ActiveCfg = Debug|Any CPU
		{716C39E8-557F-4E2B-9B88-217E4C0EC5AF}.Ad-Hoc|x64.Build.0 = Debug|Any CPU
		{716C39E8-557F-4E2B-9B88-217E4C0EC5AF}.Ad-Hoc|x86.ActiveCfg = Debug|Any CPU
		{716C39E8-557F-4E2B-9B88-217E4C0EC5AF}.Ad-Hoc|x86.Build.0 = Debug|Any CPU
		{716C39E8-557F-4E2B-9B88-217E4C0EC5AF}.AppStore|Any CPU.ActiveCfg = Release|Any CPU
		{716C39E8-557F-4E2B-9B88-217E4C0EC5AF}.AppStore|Any CPU.Build.0 = Release|Any CPU
		{716C39E8-557F-4E2B-9B88-217E4C0EC5AF}.AppStore|ARM.ActiveCfg = Debug|Any CPU
		{716C39E8-557F-4E2B-9B88-217E4C0EC5AF}.AppStore|ARM.Build.0 = Debug|Any CPU
		{716C39E8-557F-4E2B-9B88-217E4C0EC5AF}.AppStore|ARM64.ActiveCfg = Debug|Any CPU
		{716C39E8-557F-4E2B-9B88-217E4C0EC5AF}.AppStore|ARM64.Build.0 = Debug|Any CPU
		{716C39E8-557F-4E2B-9B88-217E4C0EC5AF}.AppStore|iPhone.ActiveCfg = Release|Any CPU
		{716C39E8-557F-4E2B-9B88-217E4C0EC5AF}.AppStore|iPhone.Build.0 = Release|Any CPU
		{716C39E8-557F-4E2B-9B88-217E4C0EC5AF}.AppStore|iPhoneSimulator.ActiveCfg = Release|Any CPU
		{716C39E8-557F-4E2B-9B88-217E4C0EC5AF}.AppStore|iPhoneSimulator.Build.0 = Release|Any CPU
		{716C39E8-557F-4E2B-9B88-217E4C0EC5AF}.AppStore|x64.ActiveCfg = Debug|Any CPU
		{716C39E8-557F-4E2B-9B88-217E4C0EC5AF}.AppStore|x64.Build.0 = Debug|Any CPU
		{716C39E8-557F-4E2B-9B88-217E4C0EC5AF}.AppStore|x86.ActiveCfg = Debug|Any CPU
		{716C39E8-557F-4E2B-9B88-217E4C0EC5AF}.AppStore|x86.Build.0 = Debug|Any CPU
		{716C39E8-557F-4E2B-9B88-217E4C0EC5AF}.Debug|Any CPU.ActiveCfg = Debug|Any CPU
		{716C39E8-557F-4E2B-9B88-217E4C0EC5AF}.Debug|Any CPU.Build.0 = Debug|Any CPU
		{716C39E8-557F-4E2B-9B88-217E4C0EC5AF}.Debug|ARM.ActiveCfg = Debug|Any CPU
		{716C39E8-557F-4E2B-9B88-217E4C0EC5AF}.Debug|ARM.Build.0 = Debug|Any CPU
		{716C39E8-557F-4E2B-9B88-217E4C0EC5AF}.Debug|ARM64.ActiveCfg = Debug|Any CPU
		{716C39E8-557F-4E2B-9B88-217E4C0EC5AF}.Debug|ARM64.Build.0 = Debug|Any CPU
		{716C39E8-557F-4E2B-9B88-217E4C0EC5AF}.Debug|iPhone.ActiveCfg = Debug|Any CPU
		{716C39E8-557F-4E2B-9B88-217E4C0EC5AF}.Debug|iPhone.Build.0 = Debug|Any CPU
		{716C39E8-557F-4E2B-9B88-217E4C0EC5AF}.Debug|iPhoneSimulator.ActiveCfg = Debug|Any CPU
		{716C39E8-557F-4E2B-9B88-217E4C0EC5AF}.Debug|iPhoneSimulator.Build.0 = Debug|Any CPU
		{716C39E8-557F-4E2B-9B88-217E4C0EC5AF}.Debug|x64.ActiveCfg = Debug|Any CPU
		{716C39E8-557F-4E2B-9B88-217E4C0EC5AF}.Debug|x64.Build.0 = Debug|Any CPU
		{716C39E8-557F-4E2B-9B88-217E4C0EC5AF}.Debug|x86.ActiveCfg = Debug|Any CPU
		{716C39E8-557F-4E2B-9B88-217E4C0EC5AF}.Debug|x86.Build.0 = Debug|Any CPU
		{716C39E8-557F-4E2B-9B88-217E4C0EC5AF}.Release|Any CPU.ActiveCfg = Release|Any CPU
		{716C39E8-557F-4E2B-9B88-217E4C0EC5AF}.Release|Any CPU.Build.0 = Release|Any CPU
		{716C39E8-557F-4E2B-9B88-217E4C0EC5AF}.Release|ARM.ActiveCfg = Release|Any CPU
		{716C39E8-557F-4E2B-9B88-217E4C0EC5AF}.Release|ARM.Build.0 = Release|Any CPU
		{716C39E8-557F-4E2B-9B88-217E4C0EC5AF}.Release|ARM64.ActiveCfg = Release|Any CPU
		{716C39E8-557F-4E2B-9B88-217E4C0EC5AF}.Release|ARM64.Build.0 = Release|Any CPU
		{716C39E8-557F-4E2B-9B88-217E4C0EC5AF}.Release|iPhone.ActiveCfg = Release|Any CPU
		{716C39E8-557F-4E2B-9B88-217E4C0EC5AF}.Release|iPhone.Build.0 = Release|Any CPU
		{716C39E8-557F-4E2B-9B88-217E4C0EC5AF}.Release|iPhoneSimulator.ActiveCfg = Release|Any CPU
		{716C39E8-557F-4E2B-9B88-217E4C0EC5AF}.Release|iPhoneSimulator.Build.0 = Release|Any CPU
		{716C39E8-557F-4E2B-9B88-217E4C0EC5AF}.Release|x64.ActiveCfg = Release|Any CPU
		{716C39E8-557F-4E2B-9B88-217E4C0EC5AF}.Release|x64.Build.0 = Release|Any CPU
		{716C39E8-557F-4E2B-9B88-217E4C0EC5AF}.Release|x86.ActiveCfg = Release|Any CPU
		{716C39E8-557F-4E2B-9B88-217E4C0EC5AF}.Release|x86.Build.0 = Release|Any CPU
		{39CDE841-AF83-4E67-8C32-F18F77B19B3A}.Ad-Hoc|Any CPU.ActiveCfg = Release|x64
		{39CDE841-AF83-4E67-8C32-F18F77B19B3A}.Ad-Hoc|Any CPU.Build.0 = Release|x64
		{39CDE841-AF83-4E67-8C32-F18F77B19B3A}.Ad-Hoc|Any CPU.Deploy.0 = Release|x64
		{39CDE841-AF83-4E67-8C32-F18F77B19B3A}.Ad-Hoc|ARM.ActiveCfg = Release|ARM
		{39CDE841-AF83-4E67-8C32-F18F77B19B3A}.Ad-Hoc|ARM.Build.0 = Release|ARM
		{39CDE841-AF83-4E67-8C32-F18F77B19B3A}.Ad-Hoc|ARM.Deploy.0 = Release|ARM
		{39CDE841-AF83-4E67-8C32-F18F77B19B3A}.Ad-Hoc|ARM64.ActiveCfg = Release|ARM64
		{39CDE841-AF83-4E67-8C32-F18F77B19B3A}.Ad-Hoc|ARM64.Build.0 = Release|ARM64
		{39CDE841-AF83-4E67-8C32-F18F77B19B3A}.Ad-Hoc|ARM64.Deploy.0 = Release|ARM64
		{39CDE841-AF83-4E67-8C32-F18F77B19B3A}.Ad-Hoc|iPhone.ActiveCfg = Release|x64
		{39CDE841-AF83-4E67-8C32-F18F77B19B3A}.Ad-Hoc|iPhone.Build.0 = Release|x64
		{39CDE841-AF83-4E67-8C32-F18F77B19B3A}.Ad-Hoc|iPhone.Deploy.0 = Release|x64
		{39CDE841-AF83-4E67-8C32-F18F77B19B3A}.Ad-Hoc|iPhoneSimulator.ActiveCfg = Release|x64
		{39CDE841-AF83-4E67-8C32-F18F77B19B3A}.Ad-Hoc|iPhoneSimulator.Build.0 = Release|x64
		{39CDE841-AF83-4E67-8C32-F18F77B19B3A}.Ad-Hoc|iPhoneSimulator.Deploy.0 = Release|x64
		{39CDE841-AF83-4E67-8C32-F18F77B19B3A}.Ad-Hoc|x64.ActiveCfg = Release|x64
		{39CDE841-AF83-4E67-8C32-F18F77B19B3A}.Ad-Hoc|x64.Build.0 = Release|x64
		{39CDE841-AF83-4E67-8C32-F18F77B19B3A}.Ad-Hoc|x64.Deploy.0 = Release|x64
		{39CDE841-AF83-4E67-8C32-F18F77B19B3A}.Ad-Hoc|x86.ActiveCfg = Release|x86
		{39CDE841-AF83-4E67-8C32-F18F77B19B3A}.Ad-Hoc|x86.Build.0 = Release|x86
		{39CDE841-AF83-4E67-8C32-F18F77B19B3A}.Ad-Hoc|x86.Deploy.0 = Release|x86
		{39CDE841-AF83-4E67-8C32-F18F77B19B3A}.AppStore|Any CPU.ActiveCfg = Release|x64
		{39CDE841-AF83-4E67-8C32-F18F77B19B3A}.AppStore|Any CPU.Build.0 = Release|x64
		{39CDE841-AF83-4E67-8C32-F18F77B19B3A}.AppStore|Any CPU.Deploy.0 = Release|x64
		{39CDE841-AF83-4E67-8C32-F18F77B19B3A}.AppStore|ARM.ActiveCfg = Release|ARM
		{39CDE841-AF83-4E67-8C32-F18F77B19B3A}.AppStore|ARM.Build.0 = Release|ARM
		{39CDE841-AF83-4E67-8C32-F18F77B19B3A}.AppStore|ARM.Deploy.0 = Release|ARM
		{39CDE841-AF83-4E67-8C32-F18F77B19B3A}.AppStore|ARM64.ActiveCfg = Release|ARM64
		{39CDE841-AF83-4E67-8C32-F18F77B19B3A}.AppStore|ARM64.Build.0 = Release|ARM64
		{39CDE841-AF83-4E67-8C32-F18F77B19B3A}.AppStore|ARM64.Deploy.0 = Release|ARM64
		{39CDE841-AF83-4E67-8C32-F18F77B19B3A}.AppStore|iPhone.ActiveCfg = Release|x64
		{39CDE841-AF83-4E67-8C32-F18F77B19B3A}.AppStore|iPhone.Build.0 = Release|x64
		{39CDE841-AF83-4E67-8C32-F18F77B19B3A}.AppStore|iPhone.Deploy.0 = Release|x64
		{39CDE841-AF83-4E67-8C32-F18F77B19B3A}.AppStore|iPhoneSimulator.ActiveCfg = Release|x64
		{39CDE841-AF83-4E67-8C32-F18F77B19B3A}.AppStore|iPhoneSimulator.Build.0 = Release|x64
		{39CDE841-AF83-4E67-8C32-F18F77B19B3A}.AppStore|iPhoneSimulator.Deploy.0 = Release|x64
		{39CDE841-AF83-4E67-8C32-F18F77B19B3A}.AppStore|x64.ActiveCfg = Release|x64
		{39CDE841-AF83-4E67-8C32-F18F77B19B3A}.AppStore|x64.Build.0 = Release|x64
		{39CDE841-AF83-4E67-8C32-F18F77B19B3A}.AppStore|x64.Deploy.0 = Release|x64
		{39CDE841-AF83-4E67-8C32-F18F77B19B3A}.AppStore|x86.ActiveCfg = Release|x86
		{39CDE841-AF83-4E67-8C32-F18F77B19B3A}.AppStore|x86.Build.0 = Release|x86
		{39CDE841-AF83-4E67-8C32-F18F77B19B3A}.AppStore|x86.Deploy.0 = Release|x86
		{39CDE841-AF83-4E67-8C32-F18F77B19B3A}.Debug|Any CPU.ActiveCfg = Debug|x86
		{39CDE841-AF83-4E67-8C32-F18F77B19B3A}.Debug|ARM.ActiveCfg = Debug|ARM
		{39CDE841-AF83-4E67-8C32-F18F77B19B3A}.Debug|ARM.Build.0 = Debug|ARM
		{39CDE841-AF83-4E67-8C32-F18F77B19B3A}.Debug|ARM.Deploy.0 = Debug|ARM
		{39CDE841-AF83-4E67-8C32-F18F77B19B3A}.Debug|ARM64.ActiveCfg = Debug|ARM64
		{39CDE841-AF83-4E67-8C32-F18F77B19B3A}.Debug|ARM64.Build.0 = Debug|ARM64
		{39CDE841-AF83-4E67-8C32-F18F77B19B3A}.Debug|ARM64.Deploy.0 = Debug|ARM64
		{39CDE841-AF83-4E67-8C32-F18F77B19B3A}.Debug|iPhone.ActiveCfg = Debug|x86
		{39CDE841-AF83-4E67-8C32-F18F77B19B3A}.Debug|iPhoneSimulator.ActiveCfg = Debug|x86
		{39CDE841-AF83-4E67-8C32-F18F77B19B3A}.Debug|x64.ActiveCfg = Debug|x64
		{39CDE841-AF83-4E67-8C32-F18F77B19B3A}.Debug|x64.Build.0 = Debug|x64
		{39CDE841-AF83-4E67-8C32-F18F77B19B3A}.Debug|x64.Deploy.0 = Debug|x64
		{39CDE841-AF83-4E67-8C32-F18F77B19B3A}.Debug|x86.ActiveCfg = Debug|x86
		{39CDE841-AF83-4E67-8C32-F18F77B19B3A}.Debug|x86.Build.0 = Debug|x86
		{39CDE841-AF83-4E67-8C32-F18F77B19B3A}.Debug|x86.Deploy.0 = Debug|x86
		{39CDE841-AF83-4E67-8C32-F18F77B19B3A}.Release|Any CPU.ActiveCfg = Release|x86
		{39CDE841-AF83-4E67-8C32-F18F77B19B3A}.Release|ARM.ActiveCfg = Release|ARM
		{39CDE841-AF83-4E67-8C32-F18F77B19B3A}.Release|ARM.Build.0 = Release|ARM
		{39CDE841-AF83-4E67-8C32-F18F77B19B3A}.Release|ARM.Deploy.0 = Release|ARM
		{39CDE841-AF83-4E67-8C32-F18F77B19B3A}.Release|ARM64.ActiveCfg = Release|ARM64
		{39CDE841-AF83-4E67-8C32-F18F77B19B3A}.Release|ARM64.Build.0 = Release|ARM64
		{39CDE841-AF83-4E67-8C32-F18F77B19B3A}.Release|ARM64.Deploy.0 = Release|ARM64
		{39CDE841-AF83-4E67-8C32-F18F77B19B3A}.Release|iPhone.ActiveCfg = Release|x86
		{39CDE841-AF83-4E67-8C32-F18F77B19B3A}.Release|iPhoneSimulator.ActiveCfg = Release|x86
		{39CDE841-AF83-4E67-8C32-F18F77B19B3A}.Release|x64.ActiveCfg = Release|x64
		{39CDE841-AF83-4E67-8C32-F18F77B19B3A}.Release|x64.Build.0 = Release|x64
		{39CDE841-AF83-4E67-8C32-F18F77B19B3A}.Release|x64.Deploy.0 = Release|x64
		{39CDE841-AF83-4E67-8C32-F18F77B19B3A}.Release|x86.ActiveCfg = Release|x86
		{39CDE841-AF83-4E67-8C32-F18F77B19B3A}.Release|x86.Build.0 = Release|x86
		{39CDE841-AF83-4E67-8C32-F18F77B19B3A}.Release|x86.Deploy.0 = Release|x86
	EndGlobalSection
	GlobalSection(SolutionProperties) = preSolution
		HideSolutionNode = FALSE
	EndGlobalSection
	GlobalSection(NestedProjects) = preSolution
		{E05550C8-072A-4E3D-8D2B-B2D4B9C47C13} = {FFBBBA05-A99D-4D52-8950-3F61A8D25401}
		{8DFEFB5E-6594-4FFA-B7C2-D3AEBB98DD70} = {FFBBBA05-A99D-4D52-8950-3F61A8D25401}
		{AADF2788-B233-4EA1-9A3C-77AF05508226} = {FFBBBA05-A99D-4D52-8950-3F61A8D25401}
		{B4880A99-7161-48B8-8EAB-2054127142AB} = {FFBBBA05-A99D-4D52-8950-3F61A8D25401}
		{39CDE841-AF83-4E67-8C32-F18F77B19B3A} = {FFBBBA05-A99D-4D52-8950-3F61A8D25401}
	EndGlobalSection
	GlobalSection(ExtensibilityGlobals) = postSolution
		SolutionGuid = {A328A45A-5DAB-4AAC-AF17-429599ECCB1A}
	EndGlobalSection
EndGlobal
